// !$*UTF8*$!
{
	archiveVersion = 1;
	classes = {
	};
	objectVersion = 42;
	objects = {

/* Begin PBXAggregateTarget section */
		B04FF9040A16002000F559ED /* le */ = {
			isa = PBXAggregateTarget;
			buildConfigurationList = B04FF90C0A16005900F559ED /* Build configuration list for PBXAggregateTarget "le" */;
			buildPhases = (
				B04FF9140A1603BA00F559ED /* Copy Headers */,
			);
			buildSettings = {
				PRODUCT_NAME = le;
			};
			dependencies = (
				B04FF9060A16002900F559ED /* PBXTargetDependency */,
				B04FF96D0A1615EA00F559ED /* PBXTargetDependency */,
				B04FF9810A16168500F559ED /* PBXTargetDependency */,
				B04FF9830A16168500F559ED /* PBXTargetDependency */,
				B04FF9850A16168500F559ED /* PBXTargetDependency */,
			);
			name = le;
			productName = le;
		};
/* End PBXAggregateTarget section */

/* Begin PBXBuildFile section */
		B004630E08E56B7F00236593 /* GLUT.framework in Frameworks */ = {isa = PBXBuildFile; fileRef = B004630C08E56B7F00236593 /* GLUT.framework */; };
		B01DF32809F11D6D00EE27D3 /* InfoPlist.strings in Resources */ = {isa = PBXBuildFile; fileRef = B01DF32609F11D6D00EE27D3 /* InfoPlist.strings */; };
		B01DF42909F123B000EE27D3 /* OpenGL.framework in Frameworks */ = {isa = PBXBuildFile; fileRef = B004630D08E56B7F00236593 /* OpenGL.framework */; };
		B04FF8DF0A15FF2600F559ED /* slCObject.cpp in Sources */ = {isa = PBXBuildFile; fileRef = B04FF8940A15FF1E00F559ED /* slCObject.cpp */; };
		B04FF8E10A15FF2A00F559ED /* slCAutoreleasePool.cpp in Sources */ = {isa = PBXBuildFile; fileRef = B04FF8900A15FF1E00F559ED /* slCAutoreleasePool.cpp */; };
		B04FF8E30A15FF2B00F559ED /* slTCPointer.cpp in Sources */ = {isa = PBXBuildFile; fileRef = B04FF8920A15FF1E00F559ED /* slTCPointer.cpp */; };
		B04FF8E50A15FF2E00F559ED /* slAssert.cpp in Sources */ = {isa = PBXBuildFile; fileRef = B04FF88A0A15FF1E00F559ED /* slAssert.cpp */; };
		B04FF8E70A15FF2F00F559ED /* slCLogEntry.cpp in Sources */ = {isa = PBXBuildFile; fileRef = B04FF88C0A15FF1E00F559ED /* slCLogEntry.cpp */; };
		B04FF8EB0A15FF3500F559ED /* slCClassFactory.cpp in Sources */ = {isa = PBXBuildFile; fileRef = B04FF8830A15FF1E00F559ED /* slCClassFactory.cpp */; };
		B04FF8ED0A15FF3600F559ED /* slTCClass.cpp in Sources */ = {isa = PBXBuildFile; fileRef = B04FF8850A15FF1E00F559ED /* slTCClass.cpp */; };
		B04FF96E0A16160C00F559ED /* slCFile.cpp in Sources */ = {isa = PBXBuildFile; fileRef = B04FF8970A15FF1E00F559ED /* slCFile.cpp */; };
		B04FF96F0A16160D00F559ED /* slCFolder.cpp in Sources */ = {isa = PBXBuildFile; fileRef = B04FF8990A15FF1E00F559ED /* slCFolder.cpp */; };
		B04FF9860A1616A600F559ED /* slCNotificationCenter.cpp in Sources */ = {isa = PBXBuildFile; fileRef = B04FF87C0A15FF1E00F559ED /* slCNotificationCenter.cpp */; };
		B04FF9870A1616AF00F559ED /* slCMutex.cpp in Sources */ = {isa = PBXBuildFile; fileRef = B04FF8DB0A15FF1F00F559ED /* slCMutex.cpp */; };
		B04FF9880A1616AF00F559ED /* slCThread.cpp in Sources */ = {isa = PBXBuildFile; fileRef = B04FF8DD0A15FF1F00F559ED /* slCThread.cpp */; };
		B04FF9890A1616B800F559ED /* slBasicGraphicControllers.cpp in Sources */ = {isa = PBXBuildFile; fileRef = B04FF89C0A15FF1E00F559ED /* slBasicGraphicControllers.cpp */; };
		B04FF98A0A1616B800F559ED /* slCApplication.cpp in Sources */ = {isa = PBXBuildFile; fileRef = B04FF89E0A15FF1E00F559ED /* slCApplication.cpp */; };
		B04FF98B0A1616BA00F559ED /* slCButton.cpp in Sources */ = {isa = PBXBuildFile; fileRef = B04FF8A00A15FF1E00F559ED /* slCButton.cpp */; };
		B04FF98C0A1616BB00F559ED /* slCButtonDelegate.cpp in Sources */ = {isa = PBXBuildFile; fileRef = B04FF8A20A15FF1E00F559ED /* slCButtonDelegate.cpp */; };
		B04FF98D0A1616BC00F559ED /* slCControl.cpp in Sources */ = {isa = PBXBuildFile; fileRef = B04FF8A40A15FF1E00F559ED /* slCControl.cpp */; };
		B04FF98E0A1616BD00F559ED /* slCControlDelegate.cpp in Sources */ = {isa = PBXBuildFile; fileRef = B04FF8A60A15FF1E00F559ED /* slCControlDelegate.cpp */; };
		B04FF98F0A1616BE00F559ED /* slCDialog.cpp in Sources */ = {isa = PBXBuildFile; fileRef = B04FF8A80A15FF1E00F559ED /* slCDialog.cpp */; };
		B04FF9900A1616C000F559ED /* slCDragger.cpp in Sources */ = {isa = PBXBuildFile; fileRef = B04FF8AA0A15FF1E00F559ED /* slCDragger.cpp */; };
		B04FF9910A1616C100F559ED /* slCFace.cpp in Sources */ = {isa = PBXBuildFile; fileRef = B04FF8AC0A15FF1E00F559ED /* slCFace.cpp */; };
		B04FF9920A1616C200F559ED /* slCScreen.cpp in Sources */ = {isa = PBXBuildFile; fileRef = B04FF8AF0A15FF1E00F559ED /* slCScreen.cpp */; };
		B04FF9930A1616C300F559ED /* slCText.cpp in Sources */ = {isa = PBXBuildFile; fileRef = B04FF8B10A15FF1E00F559ED /* slCText.cpp */; };
		B04FF9940A1616C400F559ED /* slCTheme.cpp in Sources */ = {isa = PBXBuildFile; fileRef = B04FF8B30A15FF1E00F559ED /* slCTheme.cpp */; };
		B04FF9950A1616C500F559ED /* slCTitleBar.cpp in Sources */ = {isa = PBXBuildFile; fileRef = B04FF8B50A15FF1E00F559ED /* slCTitleBar.cpp */; };
		B04FF9960A1616C600F559ED /* slCWindow.cpp in Sources */ = {isa = PBXBuildFile; fileRef = B04FF8B70A15FF1E00F559ED /* slCWindow.cpp */; };
		B04FF9970A1616C800F559ED /* slTypes.cpp in Sources */ = {isa = PBXBuildFile; fileRef = B04FF8BB0A15FF1E00F559ED /* slTypes.cpp */; };
		B04FF9AC0A16175800F559ED /* GLUT.framework in Frameworks */ = {isa = PBXBuildFile; fileRef = B004630C08E56B7F00236593 /* GLUT.framework */; };
		B04FF9AD0A16175800F559ED /* OpenGL.framework in Frameworks */ = {isa = PBXBuildFile; fileRef = B004630D08E56B7F00236593 /* OpenGL.framework */; };
		B04FFAA30A1625A100F559ED /* leCommon.lib in Frameworks */ = {isa = PBXBuildFile; fileRef = B04FF8750A15FAEA00F559ED /* leCommon.lib */; };
		B04FFAA80A1625D500F559ED /* leAux.lib in Frameworks */ = {isa = PBXBuildFile; fileRef = B04FF9740A16162100F559ED /* leAux.lib */; };
		B0BFC0A509A76986009FA6DF /* GLUT.framework in Frameworks */ = {isa = PBXBuildFile; fileRef = B004630C08E56B7F00236593 /* GLUT.framework */; };
		B0BFC0A609A76986009FA6DF /* OpenGL.framework in Frameworks */ = {isa = PBXBuildFile; fileRef = B004630D08E56B7F00236593 /* OpenGL.framework */; };
		B0BFC20809A778FE009FA6DF /* LE.framework in Copy to System frameworks */ = {isa = PBXBuildFile; fileRef = B0BFC06209A7691E009FA6DF /* LE.framework */; };
/* End PBXBuildFile section */

/* Begin PBXBuildStyle section */
		014CEA460018CE2711CA2923 /* Debug */ = {
			isa = PBXBuildStyle;
			buildSettings = {
			};
			name = Debug;
		};
		014CEA470018CE2711CA2923 /* Release */ = {
			isa = PBXBuildStyle;
			buildSettings = {
			};
			name = Release;
		};
/* End PBXBuildStyle section */

/* Begin PBXContainerItemProxy section */
		B04FF9050A16002900F559ED /* PBXContainerItemProxy */ = {
			isa = PBXContainerItemProxy;
			containerPortal = 08FB7793FE84155DC02AAC07 /* Project object */;
			proxyType = 1;
			remoteGlobalIDString = B04FF8740A15FAEA00F559ED /* leCommon */;
			remoteInfo = leCommon;
		};
		B04FF96C0A1615EA00F559ED /* PBXContainerItemProxy */ = {
			isa = PBXContainerItemProxy;
			containerPortal = 08FB7793FE84155DC02AAC07 /* Project object */;
			proxyType = 1;
			remoteGlobalIDString = B04FF9640A1615C900F559ED /* leFile */;
			remoteInfo = leFile;
		};
		B04FF9800A16168500F559ED /* PBXContainerItemProxy */ = {
			isa = PBXContainerItemProxy;
			containerPortal = 08FB7793FE84155DC02AAC07 /* Project object */;
			proxyType = 1;
			remoteGlobalIDString = B04FF9730A16162100F559ED /* leAux */;
			remoteInfo = leAux;
		};
		B04FF9820A16168500F559ED /* PBXContainerItemProxy */ = {
			isa = PBXContainerItemProxy;
			containerPortal = 08FB7793FE84155DC02AAC07 /* Project object */;
			proxyType = 1;
			remoteGlobalIDString = B04FF9790A16165700F559ED /* leThread */;
			remoteInfo = leThread;
		};
		B04FF9840A16168500F559ED /* PBXContainerItemProxy */ = {
			isa = PBXContainerItemProxy;
			containerPortal = 08FB7793FE84155DC02AAC07 /* Project object */;
			proxyType = 1;
			remoteGlobalIDString = B04FF97E0A16167400F559ED /* leGui */;
			remoteInfo = leGui;
		};
/* End PBXContainerItemProxy section */

/* Begin PBXCopyFilesBuildPhase section */
		B0BFC20609A778B2009FA6DF /* Copy to System frameworks */ = {
			isa = PBXCopyFilesBuildPhase;
			buildActionMask = 2147483647;
			dstPath = "$(HOME)/Library/Frameworks";
			dstSubfolderSpec = 0;
			files = (
				B0BFC20809A778FE009FA6DF /* LE.framework in Copy to System frameworks */,
			);
			name = "Copy to System frameworks";
			runOnlyForDeploymentPostprocessing = 0;
		};
/* End PBXCopyFilesBuildPhase section */

/* Begin PBXFileReference section */
		8DD76F6C0486A84900D96B5E /* le */ = {isa = PBXFileReference; includeInIndex = 0; lastKnownFileType = folder; path = le; sourceTree = BUILT_PRODUCTS_DIR; };
		B004630C08E56B7F00236593 /* GLUT.framework */ = {isa = PBXFileReference; lastKnownFileType = wrapper.framework; name = GLUT.framework; path = /System/Library/Frameworks/GLUT.framework; sourceTree = "<absolute>"; };
		B004630D08E56B7F00236593 /* OpenGL.framework */ = {isa = PBXFileReference; lastKnownFileType = wrapper.framework; name = OpenGL.framework; path = /System/Library/Frameworks/OpenGL.framework; sourceTree = "<absolute>"; };
		B01DEF2109F0EDEC00EE27D3 /* slGlut.h */ = {isa = PBXFileReference; fileEncoding = 30; lastKnownFileType = sourcecode.c.h; name = slGlut.h; path = ../../libs/glut/slGlut.h; sourceTree = SOURCE_ROOT; };
		B01DF32409F11D0900EE27D3 /* Info.plist */ = {isa = PBXFileReference; fileEncoding = 30; lastKnownFileType = text.xml; name = Info.plist; path = ../../res/macosx/Info.plist; sourceTree = SOURCE_ROOT; };
		B01DF32709F11D6D00EE27D3 /* English */ = {isa = PBXFileReference; fileEncoding = 30; lastKnownFileType = text.plist.strings; name = English; path = ../../res/macosx/English.lproj/InfoPlist.strings; sourceTree = SOURCE_ROOT; };
		B04FF8750A15FAEA00F559ED /* leCommon.lib */ = {isa = PBXFileReference; explicitFileType = archive.ar; includeInIndex = 0; path = leCommon.lib; sourceTree = BUILT_PRODUCTS_DIR; };
		B04FF87C0A15FF1E00F559ED /* slCNotificationCenter.cpp */ = {isa = PBXFileReference; fileEncoding = 30; lastKnownFileType = sourcecode.cpp.cpp; path = slCNotificationCenter.cpp; sourceTree = "<group>"; };
		B04FF87D0A15FF1E00F559ED /* slCNotificationCenter.h */ = {isa = PBXFileReference; fileEncoding = 30; lastKnownFileType = sourcecode.c.h; path = slCNotificationCenter.h; sourceTree = "<group>"; };
		B04FF87E0A15FF1E00F559ED /* slCRunLoop.cpp */ = {isa = PBXFileReference; fileEncoding = 30; lastKnownFileType = sourcecode.cpp.cpp; path = slCRunLoop.cpp; sourceTree = "<group>"; };
		B04FF87F0A15FF1E00F559ED /* slCRunLoop.h */ = {isa = PBXFileReference; fileEncoding = 30; lastKnownFileType = sourcecode.c.h; path = slCRunLoop.h; sourceTree = "<group>"; };
		B04FF8800A15FF1E00F559ED /* slStdExtensions.h */ = {isa = PBXFileReference; fileEncoding = 30; lastKnownFileType = sourcecode.c.h; path = slStdExtensions.h; sourceTree = "<group>"; };
		B04FF8830A15FF1E00F559ED /* slCClassFactory.cpp */ = {isa = PBXFileReference; fileEncoding = 30; lastKnownFileType = sourcecode.cpp.cpp; path = slCClassFactory.cpp; sourceTree = "<group>"; };
		B04FF8840A15FF1E00F559ED /* slCClassFactory.h */ = {isa = PBXFileReference; fileEncoding = 30; lastKnownFileType = sourcecode.c.h; path = slCClassFactory.h; sourceTree = "<group>"; };
		B04FF8850A15FF1E00F559ED /* slTCClass.cpp */ = {isa = PBXFileReference; fileEncoding = 30; lastKnownFileType = sourcecode.cpp.cpp; path = slTCClass.cpp; sourceTree = "<group>"; };
		B04FF8860A15FF1E00F559ED /* slTCClass.h */ = {isa = PBXFileReference; fileEncoding = 30; lastKnownFileType = sourcecode.c.h; path = slTCClass.h; sourceTree = "<group>"; };
		B04FF8880A15FF1E00F559ED /* slPrefix.h */ = {isa = PBXFileReference; fileEncoding = 30; lastKnownFileType = sourcecode.c.h; path = slPrefix.h; sourceTree = "<group>"; };
		B04FF88A0A15FF1E00F559ED /* slAssert.cpp */ = {isa = PBXFileReference; fileEncoding = 30; lastKnownFileType = sourcecode.cpp.cpp; path = slAssert.cpp; sourceTree = "<group>"; };
		B04FF88B0A15FF1E00F559ED /* slAssert.h */ = {isa = PBXFileReference; fileEncoding = 30; lastKnownFileType = sourcecode.c.h; path = slAssert.h; sourceTree = "<group>"; };
		B04FF88C0A15FF1E00F559ED /* slCLogEntry.cpp */ = {isa = PBXFileReference; fileEncoding = 30; lastKnownFileType = sourcecode.cpp.cpp; path = slCLogEntry.cpp; sourceTree = "<group>"; };
		B04FF88D0A15FF1E00F559ED /* slCLogEntry.h */ = {isa = PBXFileReference; fileEncoding = 30; lastKnownFileType = sourcecode.c.h; path = slCLogEntry.h; sourceTree = "<group>"; };
		B04FF88E0A15FF1E00F559ED /* slDebug.h */ = {isa = PBXFileReference; fileEncoding = 30; lastKnownFileType = sourcecode.c.h; path = slDebug.h; sourceTree = "<group>"; };
		B04FF8900A15FF1E00F559ED /* slCAutoreleasePool.cpp */ = {isa = PBXFileReference; fileEncoding = 30; lastKnownFileType = sourcecode.cpp.cpp; path = slCAutoreleasePool.cpp; sourceTree = "<group>"; };
		B04FF8910A15FF1E00F559ED /* slCAutoreleasePool.h */ = {isa = PBXFileReference; fileEncoding = 30; lastKnownFileType = sourcecode.c.h; path = slCAutoreleasePool.h; sourceTree = "<group>"; };
		B04FF8920A15FF1E00F559ED /* slTCPointer.cpp */ = {isa = PBXFileReference; fileEncoding = 30; lastKnownFileType = sourcecode.cpp.cpp; path = slTCPointer.cpp; sourceTree = "<group>"; };
		B04FF8930A15FF1E00F559ED /* slTCPointer.h */ = {isa = PBXFileReference; fileEncoding = 30; lastKnownFileType = sourcecode.c.h; path = slTCPointer.h; sourceTree = "<group>"; };
		B04FF8940A15FF1E00F559ED /* slCObject.cpp */ = {isa = PBXFileReference; fileEncoding = 30; lastKnownFileType = sourcecode.cpp.cpp; path = slCObject.cpp; sourceTree = "<group>"; };
		B04FF8950A15FF1E00F559ED /* slCObject.h */ = {isa = PBXFileReference; fileEncoding = 30; lastKnownFileType = sourcecode.c.h; path = slCObject.h; sourceTree = "<group>"; };
		B04FF8970A15FF1E00F559ED /* slCFile.cpp */ = {isa = PBXFileReference; fileEncoding = 30; lastKnownFileType = sourcecode.cpp.cpp; path = slCFile.cpp; sourceTree = "<group>"; };
		B04FF8980A15FF1E00F559ED /* slCFile.h */ = {isa = PBXFileReference; fileEncoding = 30; lastKnownFileType = sourcecode.c.h; path = slCFile.h; sourceTree = "<group>"; };
		B04FF8990A15FF1E00F559ED /* slCFolder.cpp */ = {isa = PBXFileReference; fileEncoding = 30; lastKnownFileType = sourcecode.cpp.cpp; path = slCFolder.cpp; sourceTree = "<group>"; };
		B04FF89A0A15FF1E00F559ED /* slCFolder.h */ = {isa = PBXFileReference; fileEncoding = 30; lastKnownFileType = sourcecode.c.h; path = slCFolder.h; sourceTree = "<group>"; };
		B04FF89C0A15FF1E00F559ED /* slBasicGraphicControllers.cpp */ = {isa = PBXFileReference; fileEncoding = 30; lastKnownFileType = sourcecode.cpp.cpp; path = slBasicGraphicControllers.cpp; sourceTree = "<group>"; };
		B04FF89D0A15FF1E00F559ED /* slBasicGraphicControllers.h */ = {isa = PBXFileReference; fileEncoding = 30; lastKnownFileType = sourcecode.c.h; path = slBasicGraphicControllers.h; sourceTree = "<group>"; };
		B04FF89E0A15FF1E00F559ED /* slCApplication.cpp */ = {isa = PBXFileReference; fileEncoding = 30; lastKnownFileType = sourcecode.cpp.cpp; path = slCApplication.cpp; sourceTree = "<group>"; };
		B04FF89F0A15FF1E00F559ED /* slCApplication.h */ = {isa = PBXFileReference; fileEncoding = 30; lastKnownFileType = sourcecode.c.h; path = slCApplication.h; sourceTree = "<group>"; };
		B04FF8A00A15FF1E00F559ED /* slCButton.cpp */ = {isa = PBXFileReference; fileEncoding = 30; lastKnownFileType = sourcecode.cpp.cpp; path = slCButton.cpp; sourceTree = "<group>"; };
		B04FF8A10A15FF1E00F559ED /* slCButton.h */ = {isa = PBXFileReference; fileEncoding = 30; lastKnownFileType = sourcecode.c.h; path = slCButton.h; sourceTree = "<group>"; };
		B04FF8A20A15FF1E00F559ED /* slCButtonDelegate.cpp */ = {isa = PBXFileReference; fileEncoding = 30; lastKnownFileType = sourcecode.cpp.cpp; path = slCButtonDelegate.cpp; sourceTree = "<group>"; };
		B04FF8A30A15FF1E00F559ED /* slCButtonDelegate.h */ = {isa = PBXFileReference; fileEncoding = 30; lastKnownFileType = sourcecode.c.h; path = slCButtonDelegate.h; sourceTree = "<group>"; };
		B04FF8A40A15FF1E00F559ED /* slCControl.cpp */ = {isa = PBXFileReference; fileEncoding = 30; lastKnownFileType = sourcecode.cpp.cpp; path = slCControl.cpp; sourceTree = "<group>"; };
		B04FF8A50A15FF1E00F559ED /* slCControl.h */ = {isa = PBXFileReference; fileEncoding = 30; lastKnownFileType = sourcecode.c.h; path = slCControl.h; sourceTree = "<group>"; };
		B04FF8A60A15FF1E00F559ED /* slCControlDelegate.cpp */ = {isa = PBXFileReference; fileEncoding = 30; lastKnownFileType = sourcecode.cpp.cpp; path = slCControlDelegate.cpp; sourceTree = "<group>"; };
		B04FF8A70A15FF1E00F559ED /* slCControlDelegate.h */ = {isa = PBXFileReference; fileEncoding = 30; lastKnownFileType = sourcecode.c.h; path = slCControlDelegate.h; sourceTree = "<group>"; };
		B04FF8A80A15FF1E00F559ED /* slCDialog.cpp */ = {isa = PBXFileReference; fileEncoding = 30; lastKnownFileType = sourcecode.cpp.cpp; path = slCDialog.cpp; sourceTree = "<group>"; };
		B04FF8A90A15FF1E00F559ED /* slCDialog.h */ = {isa = PBXFileReference; fileEncoding = 30; lastKnownFileType = sourcecode.c.h; path = slCDialog.h; sourceTree = "<group>"; };
		B04FF8AA0A15FF1E00F559ED /* slCDragger.cpp */ = {isa = PBXFileReference; fileEncoding = 30; lastKnownFileType = sourcecode.cpp.cpp; path = slCDragger.cpp; sourceTree = "<group>"; };
		B04FF8AB0A15FF1E00F559ED /* slCDragger.h */ = {isa = PBXFileReference; fileEncoding = 30; lastKnownFileType = sourcecode.c.h; path = slCDragger.h; sourceTree = "<group>"; };
		B04FF8AC0A15FF1E00F559ED /* slCFace.cpp */ = {isa = PBXFileReference; fileEncoding = 30; lastKnownFileType = sourcecode.cpp.cpp; path = slCFace.cpp; sourceTree = "<group>"; };
		B04FF8AD0A15FF1E00F559ED /* slCFace.h */ = {isa = PBXFileReference; fileEncoding = 30; lastKnownFileType = sourcecode.c.h; path = slCFace.h; sourceTree = "<group>"; };
		B04FF8AE0A15FF1E00F559ED /* slConstants.h */ = {isa = PBXFileReference; fileEncoding = 30; lastKnownFileType = sourcecode.c.h; path = slConstants.h; sourceTree = "<group>"; };
		B04FF8AF0A15FF1E00F559ED /* slCScreen.cpp */ = {isa = PBXFileReference; fileEncoding = 30; lastKnownFileType = sourcecode.cpp.cpp; path = slCScreen.cpp; sourceTree = "<group>"; };
		B04FF8B00A15FF1E00F559ED /* slCScreen.h */ = {isa = PBXFileReference; fileEncoding = 30; lastKnownFileType = sourcecode.c.h; path = slCScreen.h; sourceTree = "<group>"; };
		B04FF8B10A15FF1E00F559ED /* slCText.cpp */ = {isa = PBXFileReference; fileEncoding = 30; lastKnownFileType = sourcecode.cpp.cpp; path = slCText.cpp; sourceTree = "<group>"; };
		B04FF8B20A15FF1E00F559ED /* slCText.h */ = {isa = PBXFileReference; fileEncoding = 30; lastKnownFileType = sourcecode.c.h; path = slCText.h; sourceTree = "<group>"; };
		B04FF8B30A15FF1E00F559ED /* slCTheme.cpp */ = {isa = PBXFileReference; fileEncoding = 30; lastKnownFileType = sourcecode.cpp.cpp; path = slCTheme.cpp; sourceTree = "<group>"; };
		B04FF8B40A15FF1E00F559ED /* slCTheme.h */ = {isa = PBXFileReference; fileEncoding = 30; lastKnownFileType = sourcecode.c.h; path = slCTheme.h; sourceTree = "<group>"; };
		B04FF8B50A15FF1E00F559ED /* slCTitleBar.cpp */ = {isa = PBXFileReference; fileEncoding = 30; lastKnownFileType = sourcecode.cpp.cpp; path = slCTitleBar.cpp; sourceTree = "<group>"; };
		B04FF8B60A15FF1E00F559ED /* slCTitleBar.h */ = {isa = PBXFileReference; fileEncoding = 30; lastKnownFileType = sourcecode.c.h; path = slCTitleBar.h; sourceTree = "<group>"; };
		B04FF8B70A15FF1E00F559ED /* slCWindow.cpp */ = {isa = PBXFileReference; fileEncoding = 30; lastKnownFileType = sourcecode.cpp.cpp; path = slCWindow.cpp; sourceTree = "<group>"; };
		B04FF8B80A15FF1E00F559ED /* slCWindow.h */ = {isa = PBXFileReference; fileEncoding = 30; lastKnownFileType = sourcecode.c.h; path = slCWindow.h; sourceTree = "<group>"; };
		B04FF8B90A15FF1E00F559ED /* slGraphicControllerRegistration.h */ = {isa = PBXFileReference; fileEncoding = 30; lastKnownFileType = sourcecode.c.h; path = slGraphicControllerRegistration.h; sourceTree = "<group>"; };
		B04FF8BA0A15FF1E00F559ED /* slTCGraphicControllerClass.h */ = {isa = PBXFileReference; fileEncoding = 30; lastKnownFileType = sourcecode.c.h; path = slTCGraphicControllerClass.h; sourceTree = "<group>"; };
		B04FF8BB0A15FF1E00F559ED /* slTypes.cpp */ = {isa = PBXFileReference; fileEncoding = 30; lastKnownFileType = sourcecode.cpp.cpp; path = slTypes.cpp; sourceTree = "<group>"; };
		B04FF8BC0A15FF1E00F559ED /* slTypes.h */ = {isa = PBXFileReference; fileEncoding = 30; lastKnownFileType = sourcecode.c.h; path = slTypes.h; sourceTree = "<group>"; };
		B04FF8C00A15FF1E00F559ED /* slTCFreeFunction.h */ = {isa = PBXFileReference; fileEncoding = 30; lastKnownFileType = sourcecode.c.h; path = slTCFreeFunction.h; sourceTree = "<group>"; };
		B04FF8C10A15FF1E00F559ED /* slTIFunction.h */ = {isa = PBXFileReference; fileEncoding = 30; lastKnownFileType = sourcecode.c.h; path = slTIFunction.h; sourceTree = "<group>"; };
		B04FF8C20A15FF1E00F559ED /* slTSBind.h */ = {isa = PBXFileReference; fileEncoding = 30; lastKnownFileType = sourcecode.c.h; path = slTSBind.h; sourceTree = "<group>"; };
		B04FF8C30A15FF1E00F559ED /* slTSFreeFunctionCallWithTuple.h */ = {isa = PBXFileReference; fileEncoding = 30; lastKnownFileType = sourcecode.c.h; path = slTSFreeFunctionCallWithTuple.h; sourceTree = "<group>"; };
		B04FF8C40A15FF1E00F559ED /* slTSFreeFunctionPointerTraits.h */ = {isa = PBXFileReference; fileEncoding = 30; lastKnownFileType = sourcecode.c.h; path = slTSFreeFunctionPointerTraits.h; sourceTree = "<group>"; };
		B04FF8C50A15FF1E00F559ED /* slTSFreeFunctionTraits.h */ = {isa = PBXFileReference; fileEncoding = 30; lastKnownFileType = sourcecode.c.h; path = slTSFreeFunctionTraits.h; sourceTree = "<group>"; };
		B04FF8C60A15FF1E00F559ED /* slTSMemberFunctionCallWithTuple.h */ = {isa = PBXFileReference; fileEncoding = 30; lastKnownFileType = sourcecode.c.h; path = slTSMemberFunctionCallWithTuple.h; sourceTree = "<group>"; };
		B04FF8C70A15FF1E00F559ED /* slTSMemberFunctionTraits.h */ = {isa = PBXFileReference; fileEncoding = 30; lastKnownFileType = sourcecode.c.h; path = slTSMemberFunctionTraits.h; sourceTree = "<group>"; };
		B04FF8C80A15FF1E00F559ED /* slTCBind.h */ = {isa = PBXFileReference; fileEncoding = 30; lastKnownFileType = sourcecode.c.h; path = slTCBind.h; sourceTree = "<group>"; };
		B04FF8C90A15FF1E00F559ED /* slTCFunction.h */ = {isa = PBXFileReference; fileEncoding = 30; lastKnownFileType = sourcecode.c.h; path = slTCFunction.h; sourceTree = "<group>"; };
		B04FF8CA0A15FF1E00F559ED /* slTSFunctionTraits.h */ = {isa = PBXFileReference; fileEncoding = 30; lastKnownFileType = sourcecode.c.h; path = slTSFunctionTraits.h; sourceTree = "<group>"; };
		B04FF8CD0A15FF1E00F559ED /* slTSTuple.h */ = {isa = PBXFileReference; fileEncoding = 30; lastKnownFileType = sourcecode.c.h; path = slTSTuple.h; sourceTree = "<group>"; };
		B04FF8CE0A15FF1E00F559ED /* slTCTuple.h */ = {isa = PBXFileReference; fileEncoding = 30; lastKnownFileType = sourcecode.c.h; path = slTCTuple.h; sourceTree = "<group>"; };
		B04FF8CF0A15FF1E00F559ED /* slTCUnitTuple.h */ = {isa = PBXFileReference; fileEncoding = 30; lastKnownFileType = sourcecode.c.h; path = slTCUnitTuple.h; sourceTree = "<group>"; };
		B04FF8D20A15FF1F00F559ED /* slTSTypeListAppendTraits.h */ = {isa = PBXFileReference; fileEncoding = 30; lastKnownFileType = sourcecode.c.h; path = slTSTypeListAppendTraits.h; sourceTree = "<group>"; };
		B04FF8D30A15FF1F00F559ED /* slTSTypeListBase.h */ = {isa = PBXFileReference; fileEncoding = 30; lastKnownFileType = sourcecode.c.h; path = slTSTypeListBase.h; sourceTree = "<group>"; };
		B04FF8D40A15FF1F00F559ED /* slTSTypeListSorting.h */ = {isa = PBXFileReference; fileEncoding = 30; lastKnownFileType = sourcecode.c.h; path = slTSTypeListSorting.h; sourceTree = "<group>"; };
		B04FF8D50A15FF1F00F559ED /* slTSTypeList.h */ = {isa = PBXFileReference; fileEncoding = 30; lastKnownFileType = sourcecode.c.h; path = slTSTypeList.h; sourceTree = "<group>"; };
		B04FF8D70A15FF1F00F559ED /* slTSConstRef.h */ = {isa = PBXFileReference; fileEncoding = 30; lastKnownFileType = sourcecode.c.h; path = slTSConstRef.h; sourceTree = "<group>"; };
		B04FF8D80A15FF1F00F559ED /* slTSConstToType.h */ = {isa = PBXFileReference; fileEncoding = 30; lastKnownFileType = sourcecode.c.h; path = slTSConstToType.h; sourceTree = "<group>"; };
		B04FF8D90A15FF1F00F559ED /* slTSSelect.h */ = {isa = PBXFileReference; fileEncoding = 30; lastKnownFileType = sourcecode.c.h; path = slTSSelect.h; sourceTree = "<group>"; };
		B04FF8DB0A15FF1F00F559ED /* slCMutex.cpp */ = {isa = PBXFileReference; fileEncoding = 30; lastKnownFileType = sourcecode.cpp.cpp; path = slCMutex.cpp; sourceTree = "<group>"; };
		B04FF8DC0A15FF1F00F559ED /* slCMutex.h */ = {isa = PBXFileReference; fileEncoding = 30; lastKnownFileType = sourcecode.c.h; path = slCMutex.h; sourceTree = "<group>"; };
		B04FF8DD0A15FF1F00F559ED /* slCThread.cpp */ = {isa = PBXFileReference; fileEncoding = 30; lastKnownFileType = sourcecode.cpp.cpp; path = slCThread.cpp; sourceTree = "<group>"; };
		B04FF8DE0A15FF1F00F559ED /* slCThread.h */ = {isa = PBXFileReference; fileEncoding = 30; lastKnownFileType = sourcecode.c.h; path = slCThread.h; sourceTree = "<group>"; };
		B04FF9650A1615C900F559ED /* leFile.lib */ = {isa = PBXFileReference; explicitFileType = archive.ar; includeInIndex = 0; path = leFile.lib; sourceTree = BUILT_PRODUCTS_DIR; };
		B04FF9740A16162100F559ED /* leAux.lib */ = {isa = PBXFileReference; explicitFileType = archive.ar; includeInIndex = 0; path = leAux.lib; sourceTree = BUILT_PRODUCTS_DIR; };
		B04FF97A0A16165700F559ED /* leThread.lib */ = {isa = PBXFileReference; explicitFileType = archive.ar; includeInIndex = 0; path = leThread.lib; sourceTree = BUILT_PRODUCTS_DIR; };
		B04FF97F0A16167400F559ED /* leGui.lib */ = {isa = PBXFileReference; explicitFileType = archive.ar; includeInIndex = 0; path = leGui.lib; sourceTree = BUILT_PRODUCTS_DIR; };
		B0BFC06209A7691E009FA6DF /* LE.framework */ = {isa = PBXFileReference; explicitFileType = wrapper.framework; includeInIndex = 0; path = LE.framework; sourceTree = BUILT_PRODUCTS_DIR; };
/* End PBXFileReference section */

/* Begin PBXFrameworksBuildPhase section */
		8DD76F660486A84900D96B5E /* Frameworks */ = {
			isa = PBXFrameworksBuildPhase;
			buildActionMask = 2147483647;
			files = (
				B004630E08E56B7F00236593 /* GLUT.framework in Frameworks */,
				B01DF42909F123B000EE27D3 /* OpenGL.framework in Frameworks */,
			);
			runOnlyForDeploymentPostprocessing = 0;
		};
		B04FF9AA0A16174E00F559ED /* Frameworks */ = {
			isa = PBXFrameworksBuildPhase;
			buildActionMask = 2147483647;
			files = (
				B04FFAA80A1625D500F559ED /* leAux.lib in Frameworks */,
				B04FFAA30A1625A100F559ED /* leCommon.lib in Frameworks */,
				B04FF9AC0A16175800F559ED /* GLUT.framework in Frameworks */,
				B04FF9AD0A16175800F559ED /* OpenGL.framework in Frameworks */,
			);
			runOnlyForDeploymentPostprocessing = 0;
		};
		B0BFC06009A7691E009FA6DF /* Frameworks */ = {
			isa = PBXFrameworksBuildPhase;
			buildActionMask = 2147483647;
			files = (
				B0BFC0A509A76986009FA6DF /* GLUT.framework in Frameworks */,
				B0BFC0A609A76986009FA6DF /* OpenGL.framework in Frameworks */,
			);
			runOnlyForDeploymentPostprocessing = 0;
		};
/* End PBXFrameworksBuildPhase section */

/* Begin PBXGroup section */
		08FB7794FE84155DC02AAC07 /* le */ = {
			isa = PBXGroup;
			children = (
				B04FF9D30A1619B700F559ED /* test */,
				B04FF9A10A1616E700F559ED /* src */,
				B01DEE7109F0ED6D00EE27D3 /* libs */,
				B01DF32309F11CE800EE27D3 /* res */,
				C6859E8C029090F304C91782 /* doc */,
				1AB674ADFE9D54B511CA2CBB /* Products */,
				B004630C08E56B7F00236593 /* GLUT.framework */,
				B004630D08E56B7F00236593 /* OpenGL.framework */,
			);
			name = le;
			sourceTree = "<group>";
		};
		1AB674ADFE9D54B511CA2CBB /* Products */ = {
			isa = PBXGroup;
			children = (
				8DD76F6C0486A84900D96B5E /* le */,
				B0BFC06209A7691E009FA6DF /* LE.framework */,
				B04FF8750A15FAEA00F559ED /* leCommon.lib */,
				B04FF9650A1615C900F559ED /* leFile.lib */,
				B04FF9740A16162100F559ED /* leAux.lib */,
				B04FF97A0A16165700F559ED /* leThread.lib */,
				B04FF97F0A16167400F559ED /* leGui.lib */,
			);
			name = Products;
			sourceTree = "<group>";
		};
		B01DEE7109F0ED6D00EE27D3 /* libs */ = {
			isa = PBXGroup;
			children = (
				B01DEF2009F0EDD800EE27D3 /* glut */,
			);
			indentWidth = 4;
			name = libs;
			path = ../../libs;
			sourceTree = SOURCE_ROOT;
			tabWidth = 4;
		};
		B01DEF2009F0EDD800EE27D3 /* glut */ = {
			isa = PBXGroup;
			children = (
				B01DEF2109F0EDEC00EE27D3 /* slGlut.h */,
			);
			path = glut;
			sourceTree = "<group>";
		};
		B01DF32309F11CE800EE27D3 /* res */ = {
			isa = PBXGroup;
			children = (
				B01DF32609F11D6D00EE27D3 /* InfoPlist.strings */,
				B01DF32409F11D0900EE27D3 /* Info.plist */,
			);
			name = res;
			path = ../../res/macosx;
			sourceTree = SOURCE_ROOT;
		};
		B04FF87B0A15FF1E00F559ED /* auxiliary */ = {
			isa = PBXGroup;
			children = (
				B04FF87C0A15FF1E00F559ED /* slCNotificationCenter.cpp */,
				B04FF87D0A15FF1E00F559ED /* slCNotificationCenter.h */,
				B04FF87E0A15FF1E00F559ED /* slCRunLoop.cpp */,
				B04FF87F0A15FF1E00F559ED /* slCRunLoop.h */,
				B04FF8800A15FF1E00F559ED /* slStdExtensions.h */,
			);
			path = auxiliary;
			sourceTree = "<group>";
		};
		B04FF8810A15FF1E00F559ED /* common */ = {
			isa = PBXGroup;
			children = (
				B04FF8820A15FF1E00F559ED /* class */,
				B04FF8870A15FF1E00F559ED /* config */,
				B04FF8890A15FF1E00F559ED /* debug */,
				B04FF88F0A15FF1E00F559ED /* pointer */,
				B04FF8940A15FF1E00F559ED /* slCObject.cpp */,
				B04FF8950A15FF1E00F559ED /* slCObject.h */,
			);
			path = common;
			sourceTree = "<group>";
		};
		B04FF8820A15FF1E00F559ED /* class */ = {
			isa = PBXGroup;
			children = (
				B04FF8830A15FF1E00F559ED /* slCClassFactory.cpp */,
				B04FF8840A15FF1E00F559ED /* slCClassFactory.h */,
				B04FF8850A15FF1E00F559ED /* slTCClass.cpp */,
				B04FF8860A15FF1E00F559ED /* slTCClass.h */,
			);
			path = class;
			sourceTree = "<group>";
		};
		B04FF8870A15FF1E00F559ED /* config */ = {
			isa = PBXGroup;
			children = (
				B04FF8880A15FF1E00F559ED /* slPrefix.h */,
			);
			path = config;
			sourceTree = "<group>";
		};
		B04FF8890A15FF1E00F559ED /* debug */ = {
			isa = PBXGroup;
			children = (
				B04FF88A0A15FF1E00F559ED /* slAssert.cpp */,
				B04FF88B0A15FF1E00F559ED /* slAssert.h */,
				B04FF88C0A15FF1E00F559ED /* slCLogEntry.cpp */,
				B04FF88D0A15FF1E00F559ED /* slCLogEntry.h */,
				B04FF88E0A15FF1E00F559ED /* slDebug.h */,
			);
			path = debug;
			sourceTree = "<group>";
		};
		B04FF88F0A15FF1E00F559ED /* pointer */ = {
			isa = PBXGroup;
			children = (
				B04FF8900A15FF1E00F559ED /* slCAutoreleasePool.cpp */,
				B04FF8910A15FF1E00F559ED /* slCAutoreleasePool.h */,
				B04FF8920A15FF1E00F559ED /* slTCPointer.cpp */,
				B04FF8930A15FF1E00F559ED /* slTCPointer.h */,
			);
			path = pointer;
			sourceTree = "<group>";
		};
		B04FF8960A15FF1E00F559ED /* file */ = {
			isa = PBXGroup;
			children = (
				B04FF8970A15FF1E00F559ED /* slCFile.cpp */,
				B04FF8980A15FF1E00F559ED /* slCFile.h */,
				B04FF8990A15FF1E00F559ED /* slCFolder.cpp */,
				B04FF89A0A15FF1E00F559ED /* slCFolder.h */,
			);
			path = file;
			sourceTree = "<group>";
		};
		B04FF89B0A15FF1E00F559ED /* gui */ = {
			isa = PBXGroup;
			children = (
				B04FF89C0A15FF1E00F559ED /* slBasicGraphicControllers.cpp */,
				B04FF89D0A15FF1E00F559ED /* slBasicGraphicControllers.h */,
				B04FF89E0A15FF1E00F559ED /* slCApplication.cpp */,
				B04FF89F0A15FF1E00F559ED /* slCApplication.h */,
				B04FF8A00A15FF1E00F559ED /* slCButton.cpp */,
				B04FF8A10A15FF1E00F559ED /* slCButton.h */,
				B04FF8A20A15FF1E00F559ED /* slCButtonDelegate.cpp */,
				B04FF8A30A15FF1E00F559ED /* slCButtonDelegate.h */,
				B04FF8A40A15FF1E00F559ED /* slCControl.cpp */,
				B04FF8A50A15FF1E00F559ED /* slCControl.h */,
				B04FF8A60A15FF1E00F559ED /* slCControlDelegate.cpp */,
				B04FF8A70A15FF1E00F559ED /* slCControlDelegate.h */,
				B04FF8A80A15FF1E00F559ED /* slCDialog.cpp */,
				B04FF8A90A15FF1E00F559ED /* slCDialog.h */,
				B04FF8AA0A15FF1E00F559ED /* slCDragger.cpp */,
				B04FF8AB0A15FF1E00F559ED /* slCDragger.h */,
				B04FF8AC0A15FF1E00F559ED /* slCFace.cpp */,
				B04FF8AD0A15FF1E00F559ED /* slCFace.h */,
				B04FF8AE0A15FF1E00F559ED /* slConstants.h */,
				B04FF8AF0A15FF1E00F559ED /* slCScreen.cpp */,
				B04FF8B00A15FF1E00F559ED /* slCScreen.h */,
				B04FF8B10A15FF1E00F559ED /* slCText.cpp */,
				B04FF8B20A15FF1E00F559ED /* slCText.h */,
				B04FF8B30A15FF1E00F559ED /* slCTheme.cpp */,
				B04FF8B40A15FF1E00F559ED /* slCTheme.h */,
				B04FF8B50A15FF1E00F559ED /* slCTitleBar.cpp */,
				B04FF8B60A15FF1E00F559ED /* slCTitleBar.h */,
				B04FF8B70A15FF1E00F559ED /* slCWindow.cpp */,
				B04FF8B80A15FF1E00F559ED /* slCWindow.h */,
				B04FF8B90A15FF1E00F559ED /* slGraphicControllerRegistration.h */,
				B04FF8BA0A15FF1E00F559ED /* slTCGraphicControllerClass.h */,
				B04FF8BB0A15FF1E00F559ED /* slTypes.cpp */,
				B04FF8BC0A15FF1E00F559ED /* slTypes.h */,
			);
			path = gui;
			sourceTree = "<group>";
		};
		B04FF8BD0A15FF1E00F559ED /* template */ = {
			isa = PBXGroup;
			children = (
				B04FF8BE0A15FF1E00F559ED /* function */,
				B04FF8CB0A15FF1E00F559ED /* tuple */,
				B04FF8D00A15FF1E00F559ED /* typelist */,
				B04FF8D60A15FF1F00F559ED /* util */,
			);
			path = template;
			sourceTree = "<group>";
		};
		B04FF8BE0A15FF1E00F559ED /* function */ = {
			isa = PBXGroup;
			children = (
				B04FF8BF0A15FF1E00F559ED /* base */,
				B04FF8C80A15FF1E00F559ED /* slTCBind.h */,
				B04FF8C90A15FF1E00F559ED /* slTCFunction.h */,
				B04FF8CA0A15FF1E00F559ED /* slTSFunctionTraits.h */,
			);
			path = function;
			sourceTree = "<group>";
		};
		B04FF8BF0A15FF1E00F559ED /* base */ = {
			isa = PBXGroup;
			children = (
				B04FF8C00A15FF1E00F559ED /* slTCFreeFunction.h */,
				B04FF8C10A15FF1E00F559ED /* slTIFunction.h */,
				B04FF8C20A15FF1E00F559ED /* slTSBind.h */,
				B04FF8C30A15FF1E00F559ED /* slTSFreeFunctionCallWithTuple.h */,
				B04FF8C40A15FF1E00F559ED /* slTSFreeFunctionPointerTraits.h */,
				B04FF8C50A15FF1E00F559ED /* slTSFreeFunctionTraits.h */,
				B04FF8C60A15FF1E00F559ED /* slTSMemberFunctionCallWithTuple.h */,
				B04FF8C70A15FF1E00F559ED /* slTSMemberFunctionTraits.h */,
			);
			path = base;
			sourceTree = "<group>";
		};
		B04FF8CB0A15FF1E00F559ED /* tuple */ = {
			isa = PBXGroup;
			children = (
				B04FF8CC0A15FF1E00F559ED /* base */,
				B04FF8CE0A15FF1E00F559ED /* slTCTuple.h */,
				B04FF8CF0A15FF1E00F559ED /* slTCUnitTuple.h */,
			);
			path = tuple;
			sourceTree = "<group>";
		};
		B04FF8CC0A15FF1E00F559ED /* base */ = {
			isa = PBXGroup;
			children = (
				B04FF8CD0A15FF1E00F559ED /* slTSTuple.h */,
			);
			path = base;
			sourceTree = "<group>";
		};
		B04FF8D00A15FF1E00F559ED /* typelist */ = {
			isa = PBXGroup;
			children = (
				B04FF8D10A15FF1F00F559ED /* base */,
				B04FF8D50A15FF1F00F559ED /* slTSTypeList.h */,
			);
			path = typelist;
			sourceTree = "<group>";
		};
		B04FF8D10A15FF1F00F559ED /* base */ = {
			isa = PBXGroup;
			children = (
				B04FF8D20A15FF1F00F559ED /* slTSTypeListAppendTraits.h */,
				B04FF8D30A15FF1F00F559ED /* slTSTypeListBase.h */,
				B04FF8D40A15FF1F00F559ED /* slTSTypeListSorting.h */,
			);
			path = base;
			sourceTree = "<group>";
		};
		B04FF8D60A15FF1F00F559ED /* util */ = {
			isa = PBXGroup;
			children = (
				B04FF8D70A15FF1F00F559ED /* slTSConstRef.h */,
				B04FF8D80A15FF1F00F559ED /* slTSConstToType.h */,
				B04FF8D90A15FF1F00F559ED /* slTSSelect.h */,
			);
			path = util;
			sourceTree = "<group>";
		};
		B04FF8DA0A15FF1F00F559ED /* thread */ = {
			isa = PBXGroup;
			children = (
				B04FF8DB0A15FF1F00F559ED /* slCMutex.cpp */,
				B04FF8DC0A15FF1F00F559ED /* slCMutex.h */,
				B04FF8DD0A15FF1F00F559ED /* slCThread.cpp */,
				B04FF8DE0A15FF1F00F559ED /* slCThread.h */,
			);
			path = thread;
			sourceTree = "<group>";
		};
		B04FF9A10A1616E700F559ED /* src */ = {
			isa = PBXGroup;
			children = (
				B04FF87B0A15FF1E00F559ED /* auxiliary */,
				B04FF8810A15FF1E00F559ED /* common */,
				B04FF8960A15FF1E00F559ED /* file */,
				B04FF89B0A15FF1E00F559ED /* gui */,
				B04FF8BD0A15FF1E00F559ED /* template */,
				B04FF8DA0A15FF1F00F559ED /* thread */,
			);
			name = src;
			path = ../../src;
			sourceTree = "<group>";
		};
		B04FF9D30A1619B700F559ED /* test */ = {
			isa = PBXGroup;
			children = (
			);
			name = test;
			sourceTree = "<group>";
		};
		C6859E8C029090F304C91782 /* doc */ = {
			isa = PBXGroup;
			children = (
			);
			name = doc;
			path = ../../doc;
			sourceTree = SOURCE_ROOT;
		};
/* End PBXGroup section */

/* Begin PBXHeadersBuildPhase section */
		B0BFC05D09A7691E009FA6DF /* Headers */ = {
			isa = PBXHeadersBuildPhase;
			buildActionMask = 2147483647;
			files = (
			);
			runOnlyForDeploymentPostprocessing = 0;
		};
/* End PBXHeadersBuildPhase section */

/* Begin PBXNativeTarget section */
		8DD76F620486A84900D96B5E /* le_bak */ = {
			isa = PBXNativeTarget;
			buildConfigurationList = 1DEB923108733DC60010E9CD /* Build configuration list for PBXNativeTarget "le_bak" */;
			buildPhases = (
				8DD76F640486A84900D96B5E /* Sources */,
				8DD76F660486A84900D96B5E /* Frameworks */,
			);
			buildRules = (
			);
			buildSettings = {
			};
			dependencies = (
			);
			name = le_bak;
			productInstallPath = "$(HOME)/bin";
			productName = le;
			productReference = 8DD76F6C0486A84900D96B5E /* le */;
			productType = "com.apple.product-type.tool";
		};
		B04FF8740A15FAEA00F559ED /* leCommon */ = {
			isa = PBXNativeTarget;
			buildConfigurationList = B04FF8780A15FB0B00F559ED /* Build configuration list for PBXNativeTarget "leCommon" */;
			buildPhases = (
				B04FF8720A15FAEA00F559ED /* Sources */,
			);
			buildRules = (
			);
			buildSettings = {
				GCC_ENABLE_FIX_AND_CONTINUE = YES;
				GCC_MODEL_TUNING = G5;
				INSTALL_PATH = /usr/local/lib;
				PREBINDING = NO;
				PRODUCT_NAME = leCommon;
				ZERO_LINK = YES;
			};
			dependencies = (
			);
			name = leCommon;
			productName = leCommon;
			productReference = B04FF8750A15FAEA00F559ED /* leCommon.lib */;
			productType = "com.apple.product-type.library.static";
		};
		B04FF9640A1615C900F559ED /* leFile */ = {
			isa = PBXNativeTarget;
			buildConfigurationList = B04FF9690A1615DE00F559ED /* Build configuration list for PBXNativeTarget "leFile" */;
			buildPhases = (
				B04FF9620A1615C900F559ED /* Sources */,
			);
			buildRules = (
			);
			buildSettings = {
				GCC_ENABLE_FIX_AND_CONTINUE = YES;
				GCC_MODEL_TUNING = G5;
				INSTALL_PATH = /usr/local/lib;
				PREBINDING = NO;
				PRODUCT_NAME = leFile;
				ZERO_LINK = YES;
			};
			dependencies = (
			);
			name = leFile;
			productName = leFile;
			productReference = B04FF9650A1615C900F559ED /* leFile.lib */;
			productType = "com.apple.product-type.library.static";
		};
		B04FF9730A16162100F559ED /* leAux */ = {
			isa = PBXNativeTarget;
			buildConfigurationList = B04FF9980A1616E000F559ED /* Build configuration list for PBXNativeTarget "leAux" */;
			buildPhases = (
				B04FF9710A16162100F559ED /* Sources */,
			);
			buildRules = (
			);
			buildSettings = {
				GCC_ENABLE_FIX_AND_CONTINUE = YES;
				GCC_MODEL_TUNING = G5;
				INSTALL_PATH = /usr/local/lib;
				PREBINDING = NO;
				PRODUCT_NAME = leAux;
				ZERO_LINK = YES;
			};
			dependencies = (
			);
			name = leAux;
			productName = leAux;
			productReference = B04FF9740A16162100F559ED /* leAux.lib */;
			productType = "com.apple.product-type.library.static";
		};
		B04FF9790A16165700F559ED /* leThread */ = {
			isa = PBXNativeTarget;
			buildConfigurationList = B04FF99B0A1616E000F559ED /* Build configuration list for PBXNativeTarget "leThread" */;
			buildPhases = (
				B04FF9770A16165700F559ED /* Sources */,
			);
			buildRules = (
			);
			buildSettings = {
				GCC_ENABLE_FIX_AND_CONTINUE = YES;
				GCC_MODEL_TUNING = G5;
				INSTALL_PATH = /usr/local/lib;
				PREBINDING = NO;
				PRODUCT_NAME = leThread;
				ZERO_LINK = YES;
			};
			dependencies = (
			);
			name = leThread;
			productName = leThread;
			productReference = B04FF97A0A16165700F559ED /* leThread.lib */;
			productType = "com.apple.product-type.library.static";
		};
		B04FF97E0A16167400F559ED /* leGui */ = {
			isa = PBXNativeTarget;
			buildConfigurationList = B04FF99E0A1616E000F559ED /* Build configuration list for PBXNativeTarget "leGui" */;
			buildPhases = (
				B04FF97C0A16167400F559ED /* Sources */,
				B04FF9AA0A16174E00F559ED /* Frameworks */,
			);
			buildRules = (
			);
			buildSettings = {
				GCC_ENABLE_FIX_AND_CONTINUE = YES;
				GCC_MODEL_TUNING = G5;
				INSTALL_PATH = /usr/local/lib;
				PREBINDING = NO;
				PRODUCT_NAME = leGui;
				ZERO_LINK = YES;
			};
			dependencies = (
			);
			name = leGui;
			productName = leGui;
			productReference = B04FF97F0A16167400F559ED /* leGui.lib */;
			productType = "com.apple.product-type.library.static";
		};
		B0BFC06109A7691E009FA6DF /* LE */ = {
			isa = PBXNativeTarget;
			buildConfigurationList = B0BFC06709A76921009FA6DF /* Build configuration list for PBXNativeTarget "LE" */;
			buildPhases = (
				B0BFC05D09A7691E009FA6DF /* Headers */,
				B0BFC05E09A7691E009FA6DF /* Resources */,
				B0BFC05F09A7691E009FA6DF /* Sources */,
				B0BFC06009A7691E009FA6DF /* Frameworks */,
				B0BFC20609A778B2009FA6DF /* Copy to System frameworks */,
			);
			buildRules = (
			);
			buildSettings = {
				DYLIB_COMPATIBILITY_VERSION = 1;
				DYLIB_CURRENT_VERSION = 1;
				FRAMEWORK_VERSION = A;
				GCC_ENABLE_FIX_AND_CONTINUE = YES;
				GCC_MODEL_TUNING = G5;
				GCC_PRECOMPILE_PREFIX_HEADER = YES;
				GCC_PREFIX_HEADER = "$(SYSTEM_LIBRARY_DIR)/Frameworks/Carbon.framework/Headers/Carbon.h";
				INFOPLIST_FILE = "LE-Info.plist";
				INSTALL_PATH = "$(HOME)/Library/Frameworks";
				OTHER_LDFLAGS = (
					"-framework",
					Carbon,
				);
				PREBINDING = NO;
				PRODUCT_NAME = LE;
				ZERO_LINK = YES;
			};
			dependencies = (
			);
			name = LE;
			productName = LE;
			productReference = B0BFC06209A7691E009FA6DF /* LE.framework */;
			productSettingsXML = "<?xml version=\"1.0\" encoding=\"UTF-8\"?>
<!DOCTYPE plist PUBLIC \"-//Apple Computer//DTD PLIST 1.0//EN\" \"http://www.apple.com/DTDs/PropertyList-1.0.dtd\">
<plist version=\"1.0\">
<dict>
	<key>CFBundleDevelopmentRegion</key>
	<string>English</string>
	<key>CFBundleExecutable</key>
	<string>${EXECUTABLE_NAME}</string>
	<key>CFBundleIdentifier</key>
	<string>com.yourcompany.LE</string>
	<key>CFBundleInfoDictionaryVersion</key>
	<string>6.0</string>
	<key>CFBundlePackageType</key>
	<string>FMWK</string>
	<key>CFBundleSignature</key>
	<string>????</string>
	<key>CFBundleVersion</key>
	<string>1.0</string>
</dict>
</plist>
";
			productType = "com.apple.product-type.framework";
		};
/* End PBXNativeTarget section */

/* Begin PBXProject section */
		08FB7793FE84155DC02AAC07 /* Project object */ = {
			isa = PBXProject;
			buildConfigurationList = 1DEB923508733DC60010E9CD /* Build configuration list for PBXProject "le" */;
			buildSettings = {
			};
			buildStyles = (
				014CEA460018CE2711CA2923 /* Debug */,
				014CEA470018CE2711CA2923 /* Release */,
			);
			hasScannedForEncodings = 1;
			mainGroup = 08FB7794FE84155DC02AAC07 /* le */;
			projectDirPath = "";
			targets = (
				8DD76F620486A84900D96B5E /* le_bak */,
				B0BFC06109A7691E009FA6DF /* LE */,
				B04FF9040A16002000F559ED /* le */,
				B04FF8740A15FAEA00F559ED /* leCommon */,
				B04FF9640A1615C900F559ED /* leFile */,
				B04FF9730A16162100F559ED /* leAux */,
				B04FF9790A16165700F559ED /* leThread */,
				B04FF97E0A16167400F559ED /* leGui */,
			);
		};
/* End PBXProject section */

/* Begin PBXResourcesBuildPhase section */
		B0BFC05E09A7691E009FA6DF /* Resources */ = {
			isa = PBXResourcesBuildPhase;
			buildActionMask = 2147483647;
			files = (
				B01DF32809F11D6D00EE27D3 /* InfoPlist.strings in Resources */,
			);
			runOnlyForDeploymentPostprocessing = 0;
		};
/* End PBXResourcesBuildPhase section */

/* Begin PBXShellScriptBuildPhase section */
		B04FF9140A1603BA00F559ED /* Copy Headers */ = {
			isa = PBXShellScriptBuildPhase;
			buildActionMask = 2147483647;
			files = (
			);
			inputPaths = (
			);
			name = "Copy Headers";
			outputPaths = (
			);
			runOnlyForDeploymentPostprocessing = 0;
			shellPath = /bin/sh;
			shellScript = "cp -r ${leSrcRoot}/ ${CONFIGURATION_BUILD_DIR}/include;\nfind \"${CONFIGURATION_BUILD_DIR}/include\" -name \".svn\" -type d -delete;\nfind \"${CONFIGURATION_BUILD_DIR}/include\" -name \"*.c*\" -delete;";
		};
/* End PBXShellScriptBuildPhase section */

/* Begin PBXSourcesBuildPhase section */
		8DD76F640486A84900D96B5E /* Sources */ = {
			isa = PBXSourcesBuildPhase;
			buildActionMask = 2147483647;
			files = (
			);
			runOnlyForDeploymentPostprocessing = 0;
		};
		B04FF8720A15FAEA00F559ED /* Sources */ = {
			isa = PBXSourcesBuildPhase;
			buildActionMask = 2147483647;
			files = (
				B04FF8DF0A15FF2600F559ED /* slCObject.cpp in Sources */,
				B04FF8E10A15FF2A00F559ED /* slCAutoreleasePool.cpp in Sources */,
				B04FF8E30A15FF2B00F559ED /* slTCPointer.cpp in Sources */,
				B04FF8E50A15FF2E00F559ED /* slAssert.cpp in Sources */,
				B04FF8E70A15FF2F00F559ED /* slCLogEntry.cpp in Sources */,
				B04FF8EB0A15FF3500F559ED /* slCClassFactory.cpp in Sources */,
				B04FF8ED0A15FF3600F559ED /* slTCClass.cpp in Sources */,
			);
			runOnlyForDeploymentPostprocessing = 0;
		};
		B04FF9620A1615C900F559ED /* Sources */ = {
			isa = PBXSourcesBuildPhase;
			buildActionMask = 2147483647;
			files = (
				B04FF96E0A16160C00F559ED /* slCFile.cpp in Sources */,
				B04FF96F0A16160D00F559ED /* slCFolder.cpp in Sources */,
			);
			runOnlyForDeploymentPostprocessing = 0;
		};
		B04FF9710A16162100F559ED /* Sources */ = {
			isa = PBXSourcesBuildPhase;
			buildActionMask = 2147483647;
			files = (
				B04FF9860A1616A600F559ED /* slCNotificationCenter.cpp in Sources */,
			);
			runOnlyForDeploymentPostprocessing = 0;
		};
		B04FF9770A16165700F559ED /* Sources */ = {
			isa = PBXSourcesBuildPhase;
			buildActionMask = 2147483647;
			files = (
				B04FF9870A1616AF00F559ED /* slCMutex.cpp in Sources */,
				B04FF9880A1616AF00F559ED /* slCThread.cpp in Sources */,
			);
			runOnlyForDeploymentPostprocessing = 0;
		};
		B04FF97C0A16167400F559ED /* Sources */ = {
			isa = PBXSourcesBuildPhase;
			buildActionMask = 2147483647;
			files = (
				B04FF9890A1616B800F559ED /* slBasicGraphicControllers.cpp in Sources */,
				B04FF98A0A1616B800F559ED /* slCApplication.cpp in Sources */,
				B04FF98B0A1616BA00F559ED /* slCButton.cpp in Sources */,
				B04FF98C0A1616BB00F559ED /* slCButtonDelegate.cpp in Sources */,
				B04FF98D0A1616BC00F559ED /* slCControl.cpp in Sources */,
				B04FF98E0A1616BD00F559ED /* slCControlDelegate.cpp in Sources */,
				B04FF98F0A1616BE00F559ED /* slCDialog.cpp in Sources */,
				B04FF9900A1616C000F559ED /* slCDragger.cpp in Sources */,
				B04FF9910A1616C100F559ED /* slCFace.cpp in Sources */,
				B04FF9920A1616C200F559ED /* slCScreen.cpp in Sources */,
				B04FF9930A1616C300F559ED /* slCText.cpp in Sources */,
				B04FF9940A1616C400F559ED /* slCTheme.cpp in Sources */,
				B04FF9950A1616C500F559ED /* slCTitleBar.cpp in Sources */,
				B04FF9960A1616C600F559ED /* slCWindow.cpp in Sources */,
				B04FF9970A1616C800F559ED /* slTypes.cpp in Sources */,
			);
			runOnlyForDeploymentPostprocessing = 0;
		};
		B0BFC05F09A7691E009FA6DF /* Sources */ = {
			isa = PBXSourcesBuildPhase;
			buildActionMask = 2147483647;
			files = (
			);
			runOnlyForDeploymentPostprocessing = 0;
		};
/* End PBXSourcesBuildPhase section */

/* Begin PBXTargetDependency section */
		B04FF9060A16002900F559ED /* PBXTargetDependency */ = {
			isa = PBXTargetDependency;
			target = B04FF8740A15FAEA00F559ED /* leCommon */;
			targetProxy = B04FF9050A16002900F559ED /* PBXContainerItemProxy */;
		};
		B04FF96D0A1615EA00F559ED /* PBXTargetDependency */ = {
			isa = PBXTargetDependency;
			target = B04FF9640A1615C900F559ED /* leFile */;
			targetProxy = B04FF96C0A1615EA00F559ED /* PBXContainerItemProxy */;
		};
		B04FF9810A16168500F559ED /* PBXTargetDependency */ = {
			isa = PBXTargetDependency;
			target = B04FF9730A16162100F559ED /* leAux */;
			targetProxy = B04FF9800A16168500F559ED /* PBXContainerItemProxy */;
		};
		B04FF9830A16168500F559ED /* PBXTargetDependency */ = {
			isa = PBXTargetDependency;
			target = B04FF9790A16165700F559ED /* leThread */;
			targetProxy = B04FF9820A16168500F559ED /* PBXContainerItemProxy */;
		};
		B04FF9850A16168500F559ED /* PBXTargetDependency */ = {
			isa = PBXTargetDependency;
			target = B04FF97E0A16167400F559ED /* leGui */;
			targetProxy = B04FF9840A16168500F559ED /* PBXContainerItemProxy */;
		};
/* End PBXTargetDependency section */

/* Begin PBXVariantGroup section */
		B01DF32609F11D6D00EE27D3 /* InfoPlist.strings */ = {
			isa = PBXVariantGroup;
			children = (
				B01DF32709F11D6D00EE27D3 /* English */,
			);
			name = InfoPlist.strings;
			sourceTree = "<group>";
		};
/* End PBXVariantGroup section */

/* Begin XCBuildConfiguration section */
		1DEB923208733DC60010E9CD /* Debug */ = {
			isa = XCBuildConfiguration;
			buildSettings = {
				COPY_PHASE_STRIP = NO;
				GCC_DYNAMIC_NO_PIC = NO;
				GCC_ENABLE_FIX_AND_CONTINUE = YES;
				GCC_MODEL_TUNING = G5;
				GCC_OPTIMIZATION_LEVEL = 0;
				GCC_PREPROCESSOR_DEFINITIONS = DEBUG;
				INSTALL_PATH = "$(HOME)/bin";
				PRODUCT_NAME = le;
				ZERO_LINK = NO;
			};
			name = Debug;
		};
		1DEB923308733DC60010E9CD /* Release */ = {
			isa = XCBuildConfiguration;
			buildSettings = {
				ARCHS = (
					ppc,
					i386,
				);
				GCC_GENERATE_DEBUGGING_SYMBOLS = NO;
				GCC_MODEL_TUNING = G5;
				INSTALL_PATH = "$(HOME)/bin";
				PRODUCT_NAME = le;
			};
			name = Release;
		};
		1DEB923608733DC60010E9CD /* Debug */ = {
			isa = XCBuildConfiguration;
			buildSettings = {
				CONFIGURATION_BUILD_DIR = "$(BUILD_DIR)/$(CONFIGURATION)/le";
				GCC_WARN_ABOUT_RETURN_TYPE = YES;
				GCC_WARN_CHECK_SWITCH_STATEMENTS = YES;
				GCC_WARN_HIDDEN_VIRTUAL_FUNCTIONS = NO;
				GCC_WARN_SHADOW = NO;
				GCC_WARN_SIGN_COMPARE = YES;
				GCC_WARN_UNUSED_VALUE = YES;
				GCC_WARN_UNUSED_VARIABLE = YES;
				HEADER_SEARCH_PATHS = (
					"$(leSrcRoot)",
					"$(leLibRoot)",
				);
				LINKER_DISPLAYS_MANGLED_NAMES = NO;
				PREBINDING = NO;
				SDKROOT = /Developer/SDKs/MacOSX10.4u.sdk;
				leLibRoot = ../../libs;
				leSrcRoot = ../../src;
			};
			name = Debug;
		};
		1DEB923708733DC60010E9CD /* Release */ = {
			isa = XCBuildConfiguration;
			buildSettings = {
				CONFIGURATION_BUILD_DIR = "$(BUILD_DIR)/$(CONFIGURATION)/le";
				GCC_WARN_ABOUT_RETURN_TYPE = YES;
				GCC_WARN_UNUSED_VARIABLE = YES;
				HEADER_SEARCH_PATHS = (
					"$(leSrcRoot)",
					"$(leLibRoot)",
				);
				PREBINDING = NO;
				SDKROOT = /Developer/SDKs/MacOSX10.4u.sdk;
				leLibRoot = ../../libs;
				leSrcRoot = ../../src;
			};
			name = Release;
		};
		B04FF8790A15FB0B00F559ED /* Debug */ = {
			isa = XCBuildConfiguration;
			buildSettings = {
				CONFIGURATION_BUILD_DIR = "$(BUILD_DIR)/$(CONFIGURATION)/le/lib";
				COPY_PHASE_STRIP = NO;
				EXECUTABLE_EXTENSION = lib;
				EXECUTABLE_PREFIX = le;
				GCC_DYNAMIC_NO_PIC = NO;
				GCC_ENABLE_FIX_AND_CONTINUE = YES;
				GCC_GENERATE_DEBUGGING_SYMBOLS = YES;
				GCC_MODEL_TUNING = G5;
				GCC_OPTIMIZATION_LEVEL = 0;
				INSTALL_PATH = /usr/local/lib;
				PREBINDING = NO;
				PRODUCT_NAME = Common;
				ZERO_LINK = YES;
			};
			name = Debug;
		};
		B04FF87A0A15FB0B00F559ED /* Release */ = {
			isa = XCBuildConfiguration;
			buildSettings = {
				CONFIGURATION_BUILD_DIR = "$(BUILD_DIR)/$(CONFIGURATION)/le/lib";
				COPY_PHASE_STRIP = YES;
				EXECUTABLE_EXTENSION = lib;
				EXECUTABLE_PREFIX = le;
				GCC_ENABLE_FIX_AND_CONTINUE = NO;
				GCC_GENERATE_DEBUGGING_SYMBOLS = NO;
				GCC_MODEL_TUNING = G5;
				INSTALL_PATH = /usr/local/lib;
				PREBINDING = NO;
				PRODUCT_NAME = Common;
				ZERO_LINK = NO;
			};
			name = Release;
		};
		B04FF90D0A16005900F559ED /* Debug */ = {
			isa = XCBuildConfiguration;
			buildSettings = {
				COPY_PHASE_STRIP = NO;
				GCC_DYNAMIC_NO_PIC = NO;
				GCC_GENERATE_DEBUGGING_SYMBOLS = YES;
				GCC_OPTIMIZATION_LEVEL = 0;
				PRODUCT_NAME = le;
			};
			name = Debug;
		};
		B04FF90E0A16005900F559ED /* Release */ = {
			isa = XCBuildConfiguration;
			buildSettings = {
				COPY_PHASE_STRIP = YES;
				GCC_ENABLE_FIX_AND_CONTINUE = NO;
				GCC_GENERATE_DEBUGGING_SYMBOLS = NO;
				PRODUCT_NAME = le;
				ZERO_LINK = NO;
			};
			name = Release;
		};
		B04FF96A0A1615DE00F559ED /* Debug */ = {
			isa = XCBuildConfiguration;
			buildSettings = {
				CONFIGURATION_BUILD_DIR = "$(BUILD_DIR)/$(CONFIGURATION)/le/lib";
				COPY_PHASE_STRIP = NO;
				EXECUTABLE_EXTENSION = lib;
				EXECUTABLE_PREFIX = le;
				GCC_DYNAMIC_NO_PIC = NO;
				GCC_ENABLE_FIX_AND_CONTINUE = YES;
				GCC_GENERATE_DEBUGGING_SYMBOLS = YES;
				GCC_MODEL_TUNING = G5;
				GCC_OPTIMIZATION_LEVEL = 0;
				INSTALL_PATH = /usr/local/lib;
				PREBINDING = NO;
				PRODUCT_NAME = File;
				ZERO_LINK = YES;
			};
			name = Debug;
		};
		B04FF96B0A1615DE00F559ED /* Release */ = {
			isa = XCBuildConfiguration;
			buildSettings = {
				CONFIGURATION_BUILD_DIR = "$(BUILD_DIR)/$(CONFIGURATION)/le/lib";
				COPY_PHASE_STRIP = YES;
				EXECUTABLE_EXTENSION = lib;
				EXECUTABLE_PREFIX = le;
				GCC_ENABLE_FIX_AND_CONTINUE = NO;
				GCC_GENERATE_DEBUGGING_SYMBOLS = NO;
				GCC_MODEL_TUNING = G5;
				INSTALL_PATH = /usr/local/lib;
				PREBINDING = NO;
				PRODUCT_NAME = File;
				ZERO_LINK = NO;
			};
			name = Release;
		};
		B04FF9990A1616E000F559ED /* Debug */ = {
			isa = XCBuildConfiguration;
			buildSettings = {
				CONFIGURATION_BUILD_DIR = "$(BUILD_DIR)/$(CONFIGURATION)/le/lib";
				COPY_PHASE_STRIP = NO;
				EXECUTABLE_EXTENSION = lib;
				EXECUTABLE_PREFIX = le;
				GCC_DYNAMIC_NO_PIC = NO;
				GCC_ENABLE_FIX_AND_CONTINUE = YES;
				GCC_GENERATE_DEBUGGING_SYMBOLS = YES;
				GCC_MODEL_TUNING = G5;
				GCC_OPTIMIZATION_LEVEL = 0;
				INSTALL_PATH = /usr/local/lib;
				PREBINDING = NO;
				PRODUCT_NAME = Aux;
				ZERO_LINK = YES;
			};
			name = Debug;
		};
		B04FF99A0A1616E000F559ED /* Release */ = {
			isa = XCBuildConfiguration;
			buildSettings = {
				CONFIGURATION_BUILD_DIR = "$(BUILD_DIR)/$(CONFIGURATION)/le/lib";
				COPY_PHASE_STRIP = YES;
				EXECUTABLE_EXTENSION = lib;
				EXECUTABLE_PREFIX = le;
				GCC_ENABLE_FIX_AND_CONTINUE = NO;
				GCC_GENERATE_DEBUGGING_SYMBOLS = NO;
				GCC_MODEL_TUNING = G5;
				INSTALL_PATH = /usr/local/lib;
				PREBINDING = NO;
				PRODUCT_NAME = Aux;
				ZERO_LINK = NO;
			};
			name = Release;
		};
		B04FF99C0A1616E000F559ED /* Debug */ = {
			isa = XCBuildConfiguration;
			buildSettings = {
				CONFIGURATION_BUILD_DIR = "$(BUILD_DIR)/$(CONFIGURATION)/le/lib";
				COPY_PHASE_STRIP = NO;
				EXECUTABLE_EXTENSION = lib;
				EXECUTABLE_PREFIX = le;
				GCC_DYNAMIC_NO_PIC = NO;
				GCC_ENABLE_FIX_AND_CONTINUE = YES;
				GCC_GENERATE_DEBUGGING_SYMBOLS = YES;
				GCC_MODEL_TUNING = G5;
				GCC_OPTIMIZATION_LEVEL = 0;
				INSTALL_PATH = /usr/local/lib;
				PREBINDING = NO;
				PRODUCT_NAME = Thread;
				ZERO_LINK = YES;
			};
			name = Debug;
		};
		B04FF99D0A1616E000F559ED /* Release */ = {
			isa = XCBuildConfiguration;
			buildSettings = {
				CONFIGURATION_BUILD_DIR = "$(BUILD_DIR)/$(CONFIGURATION)/le/lib";
				COPY_PHASE_STRIP = YES;
				EXECUTABLE_EXTENSION = lib;
				EXECUTABLE_PREFIX = le;
				GCC_ENABLE_FIX_AND_CONTINUE = NO;
				GCC_GENERATE_DEBUGGING_SYMBOLS = NO;
				GCC_MODEL_TUNING = G5;
				INSTALL_PATH = /usr/local/lib;
				PREBINDING = NO;
				PRODUCT_NAME = Thread;
				ZERO_LINK = NO;
			};
			name = Release;
		};
		B04FF99F0A1616E000F559ED /* Debug */ = {
			isa = XCBuildConfiguration;
			buildSettings = {
				CONFIGURATION_BUILD_DIR = "$(BUILD_DIR)/$(CONFIGURATION)/le/lib";
				COPY_PHASE_STRIP = NO;
				EXECUTABLE_EXTENSION = lib;
				EXECUTABLE_PREFIX = le;
				GCC_DYNAMIC_NO_PIC = NO;
				GCC_ENABLE_FIX_AND_CONTINUE = YES;
				GCC_GENERATE_DEBUGGING_SYMBOLS = YES;
				GCC_MODEL_TUNING = G5;
				GCC_OPTIMIZATION_LEVEL = 0;
				INSTALL_PATH = /usr/local/lib;
				PREBINDING = NO;
				PRODUCT_NAME = Gui;
				ZERO_LINK = YES;
			};
			name = Debug;
		};
		B04FF9A00A1616E000F559ED /* Release */ = {
			isa = XCBuildConfiguration;
			buildSettings = {
				CONFIGURATION_BUILD_DIR = "$(BUILD_DIR)/$(CONFIGURATION)/le/lib";
				COPY_PHASE_STRIP = YES;
				EXECUTABLE_EXTENSION = lib;
				EXECUTABLE_PREFIX = le;
				GCC_ENABLE_FIX_AND_CONTINUE = NO;
				GCC_GENERATE_DEBUGGING_SYMBOLS = NO;
				GCC_MODEL_TUNING = G5;
				INSTALL_PATH = /usr/local/lib;
				PREBINDING = NO;
				PRODUCT_NAME = Gui;
				ZERO_LINK = NO;
			};
			name = Release;
		};
		B0BFC06809A76921009FA6DF /* Debug */ = {
			isa = XCBuildConfiguration;
			buildSettings = {
				COPY_PHASE_STRIP = NO;
				DYLIB_COMPATIBILITY_VERSION = 1;
				DYLIB_CURRENT_VERSION = 1;
				FRAMEWORK_VERSION = A;
				GCC_DYNAMIC_NO_PIC = NO;
				GCC_ENABLE_FIX_AND_CONTINUE = YES;
				GCC_GENERATE_DEBUGGING_SYMBOLS = YES;
				GCC_MODEL_TUNING = G5;
				GCC_OPTIMIZATION_LEVEL = 0;
				GCC_PFE_FILE_C_DIALECTS = "c c++";
				GCC_PRECOMPILE_PREFIX_HEADER = YES;
				GCC_PREFIX_HEADER = "";
				INFOPLIST_FILE = ../../res/macosx/Info.plist;
				INSTALL_PATH = "$(HOME)/Library/Frameworks";
				OTHER_LDFLAGS = "";
				PREBINDING = NO;
				PRODUCT_NAME = LE;
				ZERO_LINK = NO;
			};
			name = Debug;
		};
		B0BFC06909A76921009FA6DF /* Release */ = {
			isa = XCBuildConfiguration;
			buildSettings = {
				ARCHS = (
					ppc,
					i386,
				);
				COPY_PHASE_STRIP = YES;
				DYLIB_COMPATIBILITY_VERSION = 1;
				DYLIB_CURRENT_VERSION = 1;
				FRAMEWORK_VERSION = A;
				GCC_ENABLE_FIX_AND_CONTINUE = NO;
				GCC_GENERATE_DEBUGGING_SYMBOLS = NO;
				GCC_MODEL_TUNING = G5;
				GCC_PFE_FILE_C_DIALECTS = "c c++";
				GCC_PRECOMPILE_PREFIX_HEADER = YES;
				GCC_PREFIX_HEADER = "";
				INFOPLIST_FILE = ../../res/macosx/Info.plist;
				INSTALL_PATH = "$(HOME)/Library/Frameworks";
				OTHER_LDFLAGS = "";
				PREBINDING = NO;
				PRODUCT_NAME = LE;
				ZERO_LINK = NO;
			};
			name = Release;
		};
/* End XCBuildConfiguration section */

/* Begin XCConfigurationList section */
		1DEB923108733DC60010E9CD /* Build configuration list for PBXNativeTarget "le_bak" */ = {
			isa = XCConfigurationList;
			buildConfigurations = (
				1DEB923208733DC60010E9CD /* Debug */,
				1DEB923308733DC60010E9CD /* Release */,
			);
			defaultConfigurationIsVisible = 0;
			defaultConfigurationName = Release;
		};
		1DEB923508733DC60010E9CD /* Build configuration list for PBXProject "le" */ = {
			isa = XCConfigurationList;
			buildConfigurations = (
				1DEB923608733DC60010E9CD /* Debug */,
				1DEB923708733DC60010E9CD /* Release */,
			);
			defaultConfigurationIsVisible = 0;
			defaultConfigurationName = Release;
		};
		B04FF8780A15FB0B00F559ED /* Build configuration list for PBXNativeTarget "leCommon" */ = {
			isa = XCConfigurationList;
			buildConfigurations = (
				B04FF8790A15FB0B00F559ED /* Debug */,
				B04FF87A0A15FB0B00F559ED /* Release */,
			);
			defaultConfigurationIsVisible = 0;
			defaultConfigurationName = Release;
		};
		B04FF90C0A16005900F559ED /* Build configuration list for PBXAggregateTarget "le" */ = {
			isa = XCConfigurationList;
			buildConfigurations = (
				B04FF90D0A16005900F559ED /* Debug */,
				B04FF90E0A16005900F559ED /* Release */,
			);
			defaultConfigurationIsVisible = 0;
			defaultConfigurationName = Release;
		};
		B04FF9690A1615DE00F559ED /* Build configuration list for PBXNativeTarget "leFile" */ = {
			isa = XCConfigurationList;
			buildConfigurations = (
				B04FF96A0A1615DE00F559ED /* Debug */,
				B04FF96B0A1615DE00F559ED /* Release */,
			);
			defaultConfigurationIsVisible = 0;
			defaultConfigurationName = Release;
		};
		B04FF9980A1616E000F559ED /* Build configuration list for PBXNativeTarget "leAux" */ = {
			isa = XCConfigurationList;
			buildConfigurations = (
				B04FF9990A1616E000F559ED /* Debug */,
				B04FF99A0A1616E000F559ED /* Release */,
			);
			defaultConfigurationIsVisible = 0;
			defaultConfigurationName = Release;
		};
		B04FF99B0A1616E000F559ED /* Build configuration list for PBXNativeTarget "leThread" */ = {
			isa = XCConfigurationList;
			buildConfigurations = (
				B04FF99C0A1616E000F559ED /* Debug */,
				B04FF99D0A1616E000F559ED /* Release */,
			);
			defaultConfigurationIsVisible = 0;
			defaultConfigurationName = Release;
		};
		B04FF99E0A1616E000F559ED /* Build configuration list for PBXNativeTarget "leGui" */ = {
			isa = XCConfigurationList;
			buildConfigurations = (
				B04FF99F0A1616E000F559ED /* Debug */,
				B04FF9A00A1616E000F559ED /* Release */,
			);
			defaultConfigurationIsVisible = 0;
			defaultConfigurationName = Release;
		};
		B0BFC06709A76921009FA6DF /* Build configuration list for PBXNativeTarget "LE" */ = {
			isa = XCConfigurationList;
			buildConfigurations = (
				B0BFC06809A76921009FA6DF /* Debug */,
				B0BFC06909A76921009FA6DF /* Release */,
			);
			defaultConfigurationIsVisible = 0;
			defaultConfigurationName = Release;
		};
/* End XCConfigurationList section */
	};
	rootObject = 08FB7793FE84155DC02AAC07 /* Project object */;
}
