// !$*UTF8*$!
{
	archiveVersion = 1;
	classes = {
	};
	objectVersion = 42;
	objects = {

/* Begin PBXBuildFile section */
		B004630E08E56B7F00236593 /* GLUT.framework in Frameworks */ = {isa = PBXBuildFile; fileRef = B004630C08E56B7F00236593 /* GLUT.framework */; };
		B01DEECF09F0EDBE00EE27D3 /* slBasicGraphicControllers.cpp in Sources */ = {isa = PBXBuildFile; fileRef = B01DEE7309F0EDBD00EE27D3 /* slBasicGraphicControllers.cpp */; };
		B01DEED109F0EDBE00EE27D3 /* slCApplication.cpp in Sources */ = {isa = PBXBuildFile; fileRef = B01DEE7509F0EDBD00EE27D3 /* slCApplication.cpp */; };
		B01DEED309F0EDBE00EE27D3 /* slCButton.cpp in Sources */ = {isa = PBXBuildFile; fileRef = B01DEE7709F0EDBD00EE27D3 /* slCButton.cpp */; };
		B01DEED509F0EDBE00EE27D3 /* slCButtonDelegate.cpp in Sources */ = {isa = PBXBuildFile; fileRef = B01DEE7909F0EDBD00EE27D3 /* slCButtonDelegate.cpp */; };
		B01DEED709F0EDBE00EE27D3 /* slCControl.cpp in Sources */ = {isa = PBXBuildFile; fileRef = B01DEE7B09F0EDBD00EE27D3 /* slCControl.cpp */; };
		B01DEED909F0EDBE00EE27D3 /* slCControlDelegate.cpp in Sources */ = {isa = PBXBuildFile; fileRef = B01DEE7D09F0EDBD00EE27D3 /* slCControlDelegate.cpp */; };
		B01DEEDB09F0EDBE00EE27D3 /* slCDialog.cpp in Sources */ = {isa = PBXBuildFile; fileRef = B01DEE7F09F0EDBD00EE27D3 /* slCDialog.cpp */; };
		B01DEEDD09F0EDBE00EE27D3 /* slCDragger.cpp in Sources */ = {isa = PBXBuildFile; fileRef = B01DEE8109F0EDBD00EE27D3 /* slCDragger.cpp */; };
		B01DEEDF09F0EDBE00EE27D3 /* slCFace.cpp in Sources */ = {isa = PBXBuildFile; fileRef = B01DEE8309F0EDBD00EE27D3 /* slCFace.cpp */; };
		B01DEEE109F0EDBE00EE27D3 /* slCFile.cpp in Sources */ = {isa = PBXBuildFile; fileRef = B01DEE8509F0EDBD00EE27D3 /* slCFile.cpp */; };
		B01DEEE309F0EDBE00EE27D3 /* slCFolder.cpp in Sources */ = {isa = PBXBuildFile; fileRef = B01DEE8709F0EDBD00EE27D3 /* slCFolder.cpp */; };
		B01DEEE509F0EDBE00EE27D3 /* slCClassFactory.cpp in Sources */ = {isa = PBXBuildFile; fileRef = B01DEE8A09F0EDBD00EE27D3 /* slCClassFactory.cpp */; };
		B01DEEE709F0EDBE00EE27D3 /* slTCClass.cpp in Sources */ = {isa = PBXBuildFile; fileRef = B01DEE8C09F0EDBD00EE27D3 /* slTCClass.cpp */; };
		B01DEEE909F0EDBE00EE27D3 /* slCMutex.cpp in Sources */ = {isa = PBXBuildFile; fileRef = B01DEE8E09F0EDBD00EE27D3 /* slCMutex.cpp */; };
		B01DEEEB09F0EDBE00EE27D3 /* slCNotificationCenter.cpp in Sources */ = {isa = PBXBuildFile; fileRef = B01DEE9009F0EDBD00EE27D3 /* slCNotificationCenter.cpp */; };
		B01DEEED09F0EDBE00EE27D3 /* slCObject.cpp in Sources */ = {isa = PBXBuildFile; fileRef = B01DEE9209F0EDBD00EE27D3 /* slCObject.cpp */; };
		B01DEEF209F0EDBE00EE27D3 /* slCScreen.cpp in Sources */ = {isa = PBXBuildFile; fileRef = B01DEE9809F0EDBD00EE27D3 /* slCScreen.cpp */; };
		B01DEEF409F0EDBE00EE27D3 /* slCText.cpp in Sources */ = {isa = PBXBuildFile; fileRef = B01DEE9A09F0EDBD00EE27D3 /* slCText.cpp */; };
		B01DEEF609F0EDBE00EE27D3 /* slCTheme.cpp in Sources */ = {isa = PBXBuildFile; fileRef = B01DEE9C09F0EDBD00EE27D3 /* slCTheme.cpp */; };
		B01DEEF809F0EDBE00EE27D3 /* slCThread.cpp in Sources */ = {isa = PBXBuildFile; fileRef = B01DEE9E09F0EDBD00EE27D3 /* slCThread.cpp */; };
		B01DEEFA09F0EDBE00EE27D3 /* slCTitleBar.cpp in Sources */ = {isa = PBXBuildFile; fileRef = B01DEEA009F0EDBD00EE27D3 /* slCTitleBar.cpp */; };
		B01DEEFC09F0EDBE00EE27D3 /* slCWindow.cpp in Sources */ = {isa = PBXBuildFile; fileRef = B01DEEA209F0EDBD00EE27D3 /* slCWindow.cpp */; };
		B01DEEFE09F0EDBE00EE27D3 /* slAssert.cpp in Sources */ = {isa = PBXBuildFile; fileRef = B01DEEA509F0EDBD00EE27D3 /* slAssert.cpp */; };
		B01DEF0009F0EDBE00EE27D3 /* slCLogEntry.cpp in Sources */ = {isa = PBXBuildFile; fileRef = B01DEEA709F0EDBE00EE27D3 /* slCLogEntry.cpp */; };
		B01DEF0E09F0EDBE00EE27D3 /* main.cpp in Sources */ = {isa = PBXBuildFile; fileRef = B01DEEB709F0EDBE00EE27D3 /* main.cpp */; };
		B01DEF0F09F0EDBE00EE27D3 /* slCAutoreleasePool.cpp in Sources */ = {isa = PBXBuildFile; fileRef = B01DEEB909F0EDBE00EE27D3 /* slCAutoreleasePool.cpp */; };
		B01DEF1109F0EDBE00EE27D3 /* slTCPointer.cpp in Sources */ = {isa = PBXBuildFile; fileRef = B01DEEBB09F0EDBE00EE27D3 /* slTCPointer.cpp */; };
		B01DEF1C09F0EDBE00EE27D3 /* slTypes.cpp in Sources */ = {isa = PBXBuildFile; fileRef = B01DEECA09F0EDBE00EE27D3 /* slTypes.cpp */; };
		B01DF32809F11D6D00EE27D3 /* InfoPlist.strings in Resources */ = {isa = PBXBuildFile; fileRef = B01DF32609F11D6D00EE27D3 /* InfoPlist.strings */; };
		B01DF3CB09F1221F00EE27D3 /* slBasicGraphicControllers.cpp in Sources */ = {isa = PBXBuildFile; fileRef = B01DEE7309F0EDBD00EE27D3 /* slBasicGraphicControllers.cpp */; };
		B01DF3CC09F1222000EE27D3 /* slBasicGraphicControllers.h in Headers */ = {isa = PBXBuildFile; fileRef = B01DEE7409F0EDBD00EE27D3 /* slBasicGraphicControllers.h */; settings = {ATTRIBUTES = (Public, ); }; };
		B01DF3CD09F1222100EE27D3 /* slCApplication.cpp in Sources */ = {isa = PBXBuildFile; fileRef = B01DEE7509F0EDBD00EE27D3 /* slCApplication.cpp */; };
		B01DF3CE09F1222200EE27D3 /* slCApplication.h in Headers */ = {isa = PBXBuildFile; fileRef = B01DEE7609F0EDBD00EE27D3 /* slCApplication.h */; settings = {ATTRIBUTES = (Public, ); }; };
		B01DF3CF09F1222300EE27D3 /* slCButton.cpp in Sources */ = {isa = PBXBuildFile; fileRef = B01DEE7709F0EDBD00EE27D3 /* slCButton.cpp */; };
		B01DF3D009F1222300EE27D3 /* slCButton.h in Headers */ = {isa = PBXBuildFile; fileRef = B01DEE7809F0EDBD00EE27D3 /* slCButton.h */; settings = {ATTRIBUTES = (Public, ); }; };
		B01DF3D109F1222400EE27D3 /* slCButtonDelegate.cpp in Sources */ = {isa = PBXBuildFile; fileRef = B01DEE7909F0EDBD00EE27D3 /* slCButtonDelegate.cpp */; };
		B01DF3D209F1222500EE27D3 /* slCButtonDelegate.h in Headers */ = {isa = PBXBuildFile; fileRef = B01DEE7A09F0EDBD00EE27D3 /* slCButtonDelegate.h */; settings = {ATTRIBUTES = (Public, ); }; };
		B01DF3D309F1222600EE27D3 /* slCControl.cpp in Sources */ = {isa = PBXBuildFile; fileRef = B01DEE7B09F0EDBD00EE27D3 /* slCControl.cpp */; };
		B01DF3D409F1222600EE27D3 /* slCControl.h in Headers */ = {isa = PBXBuildFile; fileRef = B01DEE7C09F0EDBD00EE27D3 /* slCControl.h */; settings = {ATTRIBUTES = (Public, ); }; };
		B01DF3D509F1222700EE27D3 /* slCControlDelegate.cpp in Sources */ = {isa = PBXBuildFile; fileRef = B01DEE7D09F0EDBD00EE27D3 /* slCControlDelegate.cpp */; };
		B01DF3D609F1222800EE27D3 /* slCControlDelegate.h in Headers */ = {isa = PBXBuildFile; fileRef = B01DEE7E09F0EDBD00EE27D3 /* slCControlDelegate.h */; settings = {ATTRIBUTES = (Public, ); }; };
		B01DF3D709F1222900EE27D3 /* slCDialog.cpp in Sources */ = {isa = PBXBuildFile; fileRef = B01DEE7F09F0EDBD00EE27D3 /* slCDialog.cpp */; };
		B01DF3D809F1222A00EE27D3 /* slCDialog.h in Headers */ = {isa = PBXBuildFile; fileRef = B01DEE8009F0EDBD00EE27D3 /* slCDialog.h */; settings = {ATTRIBUTES = (Public, ); }; };
		B01DF3D909F1222A00EE27D3 /* slCDragger.cpp in Sources */ = {isa = PBXBuildFile; fileRef = B01DEE8109F0EDBD00EE27D3 /* slCDragger.cpp */; };
		B01DF3DA09F1222B00EE27D3 /* slCDragger.h in Headers */ = {isa = PBXBuildFile; fileRef = B01DEE8209F0EDBD00EE27D3 /* slCDragger.h */; settings = {ATTRIBUTES = (Public, ); }; };
		B01DF3DB09F1222C00EE27D3 /* slCFace.cpp in Sources */ = {isa = PBXBuildFile; fileRef = B01DEE8309F0EDBD00EE27D3 /* slCFace.cpp */; };
		B01DF3DC09F1222D00EE27D3 /* slCFace.h in Headers */ = {isa = PBXBuildFile; fileRef = B01DEE8409F0EDBD00EE27D3 /* slCFace.h */; settings = {ATTRIBUTES = (Public, ); }; };
		B01DF3DD09F1222E00EE27D3 /* slCFile.cpp in Sources */ = {isa = PBXBuildFile; fileRef = B01DEE8509F0EDBD00EE27D3 /* slCFile.cpp */; };
		B01DF3DE09F1222E00EE27D3 /* slCFile.h in Headers */ = {isa = PBXBuildFile; fileRef = B01DEE8609F0EDBD00EE27D3 /* slCFile.h */; settings = {ATTRIBUTES = (Public, ); }; };
		B01DF3DF09F1222F00EE27D3 /* slCFolder.cpp in Sources */ = {isa = PBXBuildFile; fileRef = B01DEE8709F0EDBD00EE27D3 /* slCFolder.cpp */; };
		B01DF3E009F1223000EE27D3 /* slCFolder.h in Headers */ = {isa = PBXBuildFile; fileRef = B01DEE8809F0EDBD00EE27D3 /* slCFolder.h */; settings = {ATTRIBUTES = (Public, ); }; };
		B01DF3E109F1223200EE27D3 /* slCMutex.cpp in Sources */ = {isa = PBXBuildFile; fileRef = B01DEE8E09F0EDBD00EE27D3 /* slCMutex.cpp */; };
		B01DF3E209F1223200EE27D3 /* slCMutex.h in Headers */ = {isa = PBXBuildFile; fileRef = B01DEE8F09F0EDBD00EE27D3 /* slCMutex.h */; settings = {ATTRIBUTES = (Public, ); }; };
		B01DF3E309F1223300EE27D3 /* slCNotificationCenter.cpp in Sources */ = {isa = PBXBuildFile; fileRef = B01DEE9009F0EDBD00EE27D3 /* slCNotificationCenter.cpp */; };
		B01DF3E409F1223400EE27D3 /* slCNotificationCenter.h in Headers */ = {isa = PBXBuildFile; fileRef = B01DEE9109F0EDBD00EE27D3 /* slCNotificationCenter.h */; settings = {ATTRIBUTES = (Public, ); }; };
		B01DF3E509F1223500EE27D3 /* slCObject.cpp in Sources */ = {isa = PBXBuildFile; fileRef = B01DEE9209F0EDBD00EE27D3 /* slCObject.cpp */; };
		B01DF3E609F1223600EE27D3 /* slCObject.h in Headers */ = {isa = PBXBuildFile; fileRef = B01DEE9309F0EDBD00EE27D3 /* slCObject.h */; settings = {ATTRIBUTES = (Public, ); }; };
		B01DF3E709F1223700EE27D3 /* slConstants.h in Headers */ = {isa = PBXBuildFile; fileRef = B01DEE9509F0EDBD00EE27D3 /* slConstants.h */; settings = {ATTRIBUTES = (Public, ); }; };
		B01DF3E809F1223A00EE27D3 /* slCScreen.cpp in Sources */ = {isa = PBXBuildFile; fileRef = B01DEE9809F0EDBD00EE27D3 /* slCScreen.cpp */; };
		B01DF3E909F1223B00EE27D3 /* slCScreen.h in Headers */ = {isa = PBXBuildFile; fileRef = B01DEE9909F0EDBD00EE27D3 /* slCScreen.h */; settings = {ATTRIBUTES = (Public, ); }; };
		B01DF3EA09F1223B00EE27D3 /* slCText.cpp in Sources */ = {isa = PBXBuildFile; fileRef = B01DEE9A09F0EDBD00EE27D3 /* slCText.cpp */; };
		B01DF3EB09F1223D00EE27D3 /* slCText.h in Headers */ = {isa = PBXBuildFile; fileRef = B01DEE9B09F0EDBD00EE27D3 /* slCText.h */; settings = {ATTRIBUTES = (Public, ); }; };
		B01DF3EC09F1223D00EE27D3 /* slCTheme.cpp in Sources */ = {isa = PBXBuildFile; fileRef = B01DEE9C09F0EDBD00EE27D3 /* slCTheme.cpp */; };
		B01DF3ED09F1223D00EE27D3 /* slCTheme.h in Headers */ = {isa = PBXBuildFile; fileRef = B01DEE9D09F0EDBD00EE27D3 /* slCTheme.h */; settings = {ATTRIBUTES = (Public, ); }; };
		B01DF3EE09F1223F00EE27D3 /* slCThread.cpp in Sources */ = {isa = PBXBuildFile; fileRef = B01DEE9E09F0EDBD00EE27D3 /* slCThread.cpp */; };
		B01DF3EF09F1223F00EE27D3 /* slCThread.h in Headers */ = {isa = PBXBuildFile; fileRef = B01DEE9F09F0EDBD00EE27D3 /* slCThread.h */; settings = {ATTRIBUTES = (Public, ); }; };
		B01DF3F009F1224000EE27D3 /* slCTitleBar.cpp in Sources */ = {isa = PBXBuildFile; fileRef = B01DEEA009F0EDBD00EE27D3 /* slCTitleBar.cpp */; };
		B01DF3F109F1224000EE27D3 /* slCTitleBar.h in Headers */ = {isa = PBXBuildFile; fileRef = B01DEEA109F0EDBD00EE27D3 /* slCTitleBar.h */; settings = {ATTRIBUTES = (Public, ); }; };
		B01DF3F209F1224200EE27D3 /* slCWindow.cpp in Sources */ = {isa = PBXBuildFile; fileRef = B01DEEA209F0EDBD00EE27D3 /* slCWindow.cpp */; };
		B01DF3F309F1224200EE27D3 /* slCWindow.h in Headers */ = {isa = PBXBuildFile; fileRef = B01DEEA309F0EDBD00EE27D3 /* slCWindow.h */; settings = {ATTRIBUTES = (Public, ); }; };
		B01DF3F409F1226200EE27D3 /* slGraphicControllerRegistration.h in Headers */ = {isa = PBXBuildFile; fileRef = B01DEEB609F0EDBE00EE27D3 /* slGraphicControllerRegistration.h */; settings = {ATTRIBUTES = (Public, ); }; };
		B01DF3F509F1226400EE27D3 /* slStdExtensions.h in Headers */ = {isa = PBXBuildFile; fileRef = B01DEEBD09F0EDBE00EE27D3 /* slStdExtensions.h */; settings = {ATTRIBUTES = (Public, ); }; };
		B01DF3F609F1226500EE27D3 /* slTCGraphicControllerClass.h in Headers */ = {isa = PBXBuildFile; fileRef = B01DEEBE09F0EDBE00EE27D3 /* slTCGraphicControllerClass.h */; settings = {ATTRIBUTES = (Public, ); }; };
		B01DF3F709F1226600EE27D3 /* slTypes.cpp in Sources */ = {isa = PBXBuildFile; fileRef = B01DEECA09F0EDBE00EE27D3 /* slTypes.cpp */; };
		B01DF3F809F1226700EE27D3 /* slTypes.h in Headers */ = {isa = PBXBuildFile; fileRef = B01DEECB09F0EDBE00EE27D3 /* slTypes.h */; settings = {ATTRIBUTES = (Public, ); }; };
		B01DF3F909F1226D00EE27D3 /* slCClassFactory.cpp in Sources */ = {isa = PBXBuildFile; fileRef = B01DEE8A09F0EDBD00EE27D3 /* slCClassFactory.cpp */; };
		B01DF3FA09F1226E00EE27D3 /* slCClassFactory.h in Headers */ = {isa = PBXBuildFile; fileRef = B01DEE8B09F0EDBD00EE27D3 /* slCClassFactory.h */; settings = {ATTRIBUTES = (Public, ); }; };
		B01DF3FB09F1227000EE27D3 /* slTCClass.cpp in Sources */ = {isa = PBXBuildFile; fileRef = B01DEE8C09F0EDBD00EE27D3 /* slTCClass.cpp */; };
		B01DF3FC09F1227000EE27D3 /* slTCClass.h in Headers */ = {isa = PBXBuildFile; fileRef = B01DEE8D09F0EDBD00EE27D3 /* slTCClass.h */; settings = {ATTRIBUTES = (Public, ); }; };
		B01DF3FE09F1228200EE27D3 /* slAssert.cpp in Sources */ = {isa = PBXBuildFile; fileRef = B01DEEA509F0EDBD00EE27D3 /* slAssert.cpp */; };
		B01DF3FF09F1228200EE27D3 /* slAssert.h in Headers */ = {isa = PBXBuildFile; fileRef = B01DEEA609F0EDBE00EE27D3 /* slAssert.h */; settings = {ATTRIBUTES = (Public, ); }; };
		B01DF40009F1228400EE27D3 /* slCLogEntry.cpp in Sources */ = {isa = PBXBuildFile; fileRef = B01DEEA709F0EDBE00EE27D3 /* slCLogEntry.cpp */; };
		B01DF40109F1228500EE27D3 /* slCLogEntry.h in Headers */ = {isa = PBXBuildFile; fileRef = B01DEEA809F0EDBE00EE27D3 /* slCLogEntry.h */; settings = {ATTRIBUTES = (Public, ); }; };
		B01DF40209F1228500EE27D3 /* slDebug.h in Headers */ = {isa = PBXBuildFile; fileRef = B01DEEA909F0EDBE00EE27D3 /* slDebug.h */; settings = {ATTRIBUTES = (Public, ); }; };
		B01DF40309F1228900EE27D3 /* slTCBind.h in Headers */ = {isa = PBXBuildFile; fileRef = B01DEEB309F0EDBE00EE27D3 /* slTCBind.h */; settings = {ATTRIBUTES = (Public, ); }; };
		B01DF40409F1228A00EE27D3 /* slTCFunction.h in Headers */ = {isa = PBXBuildFile; fileRef = B01DEEB409F0EDBE00EE27D3 /* slTCFunction.h */; settings = {ATTRIBUTES = (Public, ); }; };
		B01DF40509F1228C00EE27D3 /* slTSFunctionTraits.h in Headers */ = {isa = PBXBuildFile; fileRef = B01DEEB509F0EDBE00EE27D3 /* slTSFunctionTraits.h */; settings = {ATTRIBUTES = (Public, ); }; };
		B01DF40609F1228E00EE27D3 /* slCAutoreleasePool.cpp in Sources */ = {isa = PBXBuildFile; fileRef = B01DEEB909F0EDBE00EE27D3 /* slCAutoreleasePool.cpp */; };
		B01DF40709F1228E00EE27D3 /* slCAutoreleasePool.h in Headers */ = {isa = PBXBuildFile; fileRef = B01DEEBA09F0EDBE00EE27D3 /* slCAutoreleasePool.h */; settings = {ATTRIBUTES = (Public, ); }; };
		B01DF40809F1229000EE27D3 /* slTCPointer.cpp in Sources */ = {isa = PBXBuildFile; fileRef = B01DEEBB09F0EDBE00EE27D3 /* slTCPointer.cpp */; };
		B01DF40909F1229000EE27D3 /* slTCPointer.h in Headers */ = {isa = PBXBuildFile; fileRef = B01DEEBC09F0EDBE00EE27D3 /* slTCPointer.h */; settings = {ATTRIBUTES = (Public, ); }; };
		B01DF40A09F1229500EE27D3 /* slTCTuple.h in Headers */ = {isa = PBXBuildFile; fileRef = B01DEEC209F0EDBE00EE27D3 /* slTCTuple.h */; settings = {ATTRIBUTES = (Public, ); }; };
		B01DF40B09F1229600EE27D3 /* slTCUnitTuple.h in Headers */ = {isa = PBXBuildFile; fileRef = B01DEEC309F0EDBE00EE27D3 /* slTCUnitTuple.h */; settings = {ATTRIBUTES = (Public, ); }; };
		B01DF40C09F1229900EE27D3 /* slTSTypeList.h in Headers */ = {isa = PBXBuildFile; fileRef = B01DEEC909F0EDBE00EE27D3 /* slTSTypeList.h */; settings = {ATTRIBUTES = (Public, ); }; };
		B01DF40D09F1229C00EE27D3 /* slTSConstToType.h in Headers */ = {isa = PBXBuildFile; fileRef = B01DEECD09F0EDBE00EE27D3 /* slTSConstToType.h */; settings = {ATTRIBUTES = (Public, ); }; };
		B01DF40E09F1229D00EE27D3 /* slTSSelect.h in Headers */ = {isa = PBXBuildFile; fileRef = B01DEECE09F0EDBE00EE27D3 /* slTSSelect.h */; settings = {ATTRIBUTES = (Public, ); }; };
		B01DF41909F1231700EE27D3 /* slTCFreeFunction.h in Headers */ = {isa = PBXBuildFile; fileRef = B01DEEAC09F0EDBE00EE27D3 /* slTCFreeFunction.h */; settings = {ATTRIBUTES = (Private, ); }; };
		B01DF41A09F1231700EE27D3 /* slTIFunction.h in Headers */ = {isa = PBXBuildFile; fileRef = B01DEEAD09F0EDBE00EE27D3 /* slTIFunction.h */; settings = {ATTRIBUTES = (Private, ); }; };
		B01DF41B09F1231900EE27D3 /* slTSBind.h in Headers */ = {isa = PBXBuildFile; fileRef = B01DEEAE09F0EDBE00EE27D3 /* slTSBind.h */; settings = {ATTRIBUTES = (Private, ); }; };
		B01DF41D09F1231A00EE27D3 /* slTSFreeFunctionPointerTraits.h in Headers */ = {isa = PBXBuildFile; fileRef = B01DEEAF09F0EDBE00EE27D3 /* slTSFreeFunctionPointerTraits.h */; settings = {ATTRIBUTES = (Private, ); }; };
		B01DF41E09F1231B00EE27D3 /* slTSFreeFunctionTraits.h in Headers */ = {isa = PBXBuildFile; fileRef = B01DEEB009F0EDBE00EE27D3 /* slTSFreeFunctionTraits.h */; settings = {ATTRIBUTES = (Private, ); }; };
		B01DF41F09F1231B00EE27D3 /* slTSFreeFunctionCallWithTuple.h in Headers */ = {isa = PBXBuildFile; fileRef = B01DEEB109F0EDBE00EE27D3 /* slTSFreeFunctionCallWithTuple.h */; settings = {ATTRIBUTES = (Private, ); }; };
		B01DF42009F1231E00EE27D3 /* slTSMemberFunctionTraits.h in Headers */ = {isa = PBXBuildFile; fileRef = B01DEEB209F0EDBE00EE27D3 /* slTSMemberFunctionTraits.h */; settings = {ATTRIBUTES = (Private, ); }; };
		B01DF42109F1233200EE27D3 /* slTSTuple.h in Headers */ = {isa = PBXBuildFile; fileRef = B01DEEC109F0EDBE00EE27D3 /* slTSTuple.h */; settings = {ATTRIBUTES = (Private, ); }; };
		B01DF42209F1234300EE27D3 /* slTSTypeListAppendTraits.h in Headers */ = {isa = PBXBuildFile; fileRef = B01DEEC609F0EDBE00EE27D3 /* slTSTypeListAppendTraits.h */; settings = {ATTRIBUTES = (Private, ); }; };
		B01DF42309F1234300EE27D3 /* slTSTypeListBase.h in Headers */ = {isa = PBXBuildFile; fileRef = B01DEEC709F0EDBE00EE27D3 /* slTSTypeListBase.h */; settings = {ATTRIBUTES = (Private, ); }; };
		B01DF42409F1234500EE27D3 /* slTSTypeListSorting.h in Headers */ = {isa = PBXBuildFile; fileRef = B01DEEC809F0EDBE00EE27D3 /* slTSTypeListSorting.h */; settings = {ATTRIBUTES = (Private, ); }; };
		B01DF42909F123B000EE27D3 /* OpenGL.framework in Frameworks */ = {isa = PBXBuildFile; fileRef = B004630D08E56B7F00236593 /* OpenGL.framework */; };
		B0BFC0A509A76986009FA6DF /* GLUT.framework in Frameworks */ = {isa = PBXBuildFile; fileRef = B004630C08E56B7F00236593 /* GLUT.framework */; };
		B0BFC0A609A76986009FA6DF /* OpenGL.framework in Frameworks */ = {isa = PBXBuildFile; fileRef = B004630D08E56B7F00236593 /* OpenGL.framework */; };
		B0BFC20809A778FE009FA6DF /* LE.framework in Copy to System frameworks */ = {isa = PBXBuildFile; fileRef = B0BFC06209A7691E009FA6DF /* LE.framework */; };
/* End PBXBuildFile section */

/* Begin PBXBuildStyle section */
		014CEA460018CE2711CA2923 /* Debug */ = {
			isa = PBXBuildStyle;
			buildSettings = {
			};
			name = Debug;
		};
		014CEA470018CE2711CA2923 /* Release */ = {
			isa = PBXBuildStyle;
			buildSettings = {
			};
			name = Release;
		};
/* End PBXBuildStyle section */

/* Begin PBXCopyFilesBuildPhase section */
		B0BFC20609A778B2009FA6DF /* Copy to System frameworks */ = {
			isa = PBXCopyFilesBuildPhase;
			buildActionMask = 2147483647;
			dstPath = "$(HOME)/Library/Frameworks";
			dstSubfolderSpec = 0;
			files = (
				B0BFC20809A778FE009FA6DF /* LE.framework in Copy to System frameworks */,
			);
			name = "Copy to System frameworks";
			runOnlyForDeploymentPostprocessing = 0;
		};
/* End PBXCopyFilesBuildPhase section */

/* Begin PBXFileReference section */
		8DD76F6C0486A84900D96B5E /* le */ = {isa = PBXFileReference; explicitFileType = "compiled.mach-o.executable"; includeInIndex = 0; path = le; sourceTree = BUILT_PRODUCTS_DIR; };
		B004630C08E56B7F00236593 /* GLUT.framework */ = {isa = PBXFileReference; lastKnownFileType = wrapper.framework; name = GLUT.framework; path = /System/Library/Frameworks/GLUT.framework; sourceTree = "<absolute>"; };
		B004630D08E56B7F00236593 /* OpenGL.framework */ = {isa = PBXFileReference; lastKnownFileType = wrapper.framework; name = OpenGL.framework; path = /System/Library/Frameworks/OpenGL.framework; sourceTree = "<absolute>"; };
		B01DEE7309F0EDBD00EE27D3 /* slBasicGraphicControllers.cpp */ = {isa = PBXFileReference; fileEncoding = 30; lastKnownFileType = sourcecode.cpp.cpp; path = slBasicGraphicControllers.cpp; sourceTree = "<group>"; };
		B01DEE7409F0EDBD00EE27D3 /* slBasicGraphicControllers.h */ = {isa = PBXFileReference; fileEncoding = 30; lastKnownFileType = sourcecode.c.h; path = slBasicGraphicControllers.h; sourceTree = "<group>"; };
		B01DEE7509F0EDBD00EE27D3 /* slCApplication.cpp */ = {isa = PBXFileReference; fileEncoding = 30; lastKnownFileType = sourcecode.cpp.cpp; path = slCApplication.cpp; sourceTree = "<group>"; };
		B01DEE7609F0EDBD00EE27D3 /* slCApplication.h */ = {isa = PBXFileReference; fileEncoding = 30; lastKnownFileType = sourcecode.c.h; path = slCApplication.h; sourceTree = "<group>"; };
		B01DEE7709F0EDBD00EE27D3 /* slCButton.cpp */ = {isa = PBXFileReference; fileEncoding = 30; lastKnownFileType = sourcecode.cpp.cpp; path = slCButton.cpp; sourceTree = "<group>"; };
		B01DEE7809F0EDBD00EE27D3 /* slCButton.h */ = {isa = PBXFileReference; fileEncoding = 30; lastKnownFileType = sourcecode.c.h; path = slCButton.h; sourceTree = "<group>"; };
		B01DEE7909F0EDBD00EE27D3 /* slCButtonDelegate.cpp */ = {isa = PBXFileReference; fileEncoding = 30; lastKnownFileType = sourcecode.cpp.cpp; path = slCButtonDelegate.cpp; sourceTree = "<group>"; };
		B01DEE7A09F0EDBD00EE27D3 /* slCButtonDelegate.h */ = {isa = PBXFileReference; fileEncoding = 30; lastKnownFileType = sourcecode.c.h; path = slCButtonDelegate.h; sourceTree = "<group>"; };
		B01DEE7B09F0EDBD00EE27D3 /* slCControl.cpp */ = {isa = PBXFileReference; fileEncoding = 30; lastKnownFileType = sourcecode.cpp.cpp; path = slCControl.cpp; sourceTree = "<group>"; };
		B01DEE7C09F0EDBD00EE27D3 /* slCControl.h */ = {isa = PBXFileReference; fileEncoding = 30; lastKnownFileType = sourcecode.c.h; path = slCControl.h; sourceTree = "<group>"; };
		B01DEE7D09F0EDBD00EE27D3 /* slCControlDelegate.cpp */ = {isa = PBXFileReference; fileEncoding = 30; lastKnownFileType = sourcecode.cpp.cpp; path = slCControlDelegate.cpp; sourceTree = "<group>"; };
		B01DEE7E09F0EDBD00EE27D3 /* slCControlDelegate.h */ = {isa = PBXFileReference; fileEncoding = 30; lastKnownFileType = sourcecode.c.h; path = slCControlDelegate.h; sourceTree = "<group>"; };
		B01DEE7F09F0EDBD00EE27D3 /* slCDialog.cpp */ = {isa = PBXFileReference; fileEncoding = 30; lastKnownFileType = sourcecode.cpp.cpp; path = slCDialog.cpp; sourceTree = "<group>"; };
		B01DEE8009F0EDBD00EE27D3 /* slCDialog.h */ = {isa = PBXFileReference; fileEncoding = 30; lastKnownFileType = sourcecode.c.h; path = slCDialog.h; sourceTree = "<group>"; };
		B01DEE8109F0EDBD00EE27D3 /* slCDragger.cpp */ = {isa = PBXFileReference; fileEncoding = 30; lastKnownFileType = sourcecode.cpp.cpp; path = slCDragger.cpp; sourceTree = "<group>"; };
		B01DEE8209F0EDBD00EE27D3 /* slCDragger.h */ = {isa = PBXFileReference; fileEncoding = 30; lastKnownFileType = sourcecode.c.h; path = slCDragger.h; sourceTree = "<group>"; };
		B01DEE8309F0EDBD00EE27D3 /* slCFace.cpp */ = {isa = PBXFileReference; fileEncoding = 30; lastKnownFileType = sourcecode.cpp.cpp; path = slCFace.cpp; sourceTree = "<group>"; };
		B01DEE8409F0EDBD00EE27D3 /* slCFace.h */ = {isa = PBXFileReference; fileEncoding = 30; lastKnownFileType = sourcecode.c.h; path = slCFace.h; sourceTree = "<group>"; };
		B01DEE8509F0EDBD00EE27D3 /* slCFile.cpp */ = {isa = PBXFileReference; fileEncoding = 30; lastKnownFileType = sourcecode.cpp.cpp; path = slCFile.cpp; sourceTree = "<group>"; };
		B01DEE8609F0EDBD00EE27D3 /* slCFile.h */ = {isa = PBXFileReference; fileEncoding = 30; lastKnownFileType = sourcecode.c.h; path = slCFile.h; sourceTree = "<group>"; };
		B01DEE8709F0EDBD00EE27D3 /* slCFolder.cpp */ = {isa = PBXFileReference; fileEncoding = 30; lastKnownFileType = sourcecode.cpp.cpp; path = slCFolder.cpp; sourceTree = "<group>"; };
		B01DEE8809F0EDBD00EE27D3 /* slCFolder.h */ = {isa = PBXFileReference; fileEncoding = 30; lastKnownFileType = sourcecode.c.h; path = slCFolder.h; sourceTree = "<group>"; };
		B01DEE8A09F0EDBD00EE27D3 /* slCClassFactory.cpp */ = {isa = PBXFileReference; fileEncoding = 30; lastKnownFileType = sourcecode.cpp.cpp; path = slCClassFactory.cpp; sourceTree = "<group>"; };
		B01DEE8B09F0EDBD00EE27D3 /* slCClassFactory.h */ = {isa = PBXFileReference; fileEncoding = 30; lastKnownFileType = sourcecode.c.h; path = slCClassFactory.h; sourceTree = "<group>"; };
		B01DEE8C09F0EDBD00EE27D3 /* slTCClass.cpp */ = {isa = PBXFileReference; fileEncoding = 30; lastKnownFileType = sourcecode.cpp.cpp; path = slTCClass.cpp; sourceTree = "<group>"; };
		B01DEE8D09F0EDBD00EE27D3 /* slTCClass.h */ = {isa = PBXFileReference; fileEncoding = 30; lastKnownFileType = sourcecode.c.h; path = slTCClass.h; sourceTree = "<group>"; };
		B01DEE8E09F0EDBD00EE27D3 /* slCMutex.cpp */ = {isa = PBXFileReference; fileEncoding = 30; lastKnownFileType = sourcecode.cpp.cpp; path = slCMutex.cpp; sourceTree = "<group>"; };
		B01DEE8F09F0EDBD00EE27D3 /* slCMutex.h */ = {isa = PBXFileReference; fileEncoding = 30; lastKnownFileType = sourcecode.c.h; path = slCMutex.h; sourceTree = "<group>"; };
		B01DEE9009F0EDBD00EE27D3 /* slCNotificationCenter.cpp */ = {isa = PBXFileReference; fileEncoding = 30; lastKnownFileType = sourcecode.cpp.cpp; path = slCNotificationCenter.cpp; sourceTree = "<group>"; };
		B01DEE9109F0EDBD00EE27D3 /* slCNotificationCenter.h */ = {isa = PBXFileReference; fileEncoding = 30; lastKnownFileType = sourcecode.c.h; path = slCNotificationCenter.h; sourceTree = "<group>"; };
		B01DEE9209F0EDBD00EE27D3 /* slCObject.cpp */ = {isa = PBXFileReference; fileEncoding = 30; lastKnownFileType = sourcecode.cpp.cpp; path = slCObject.cpp; sourceTree = "<group>"; };
		B01DEE9309F0EDBD00EE27D3 /* slCObject.h */ = {isa = PBXFileReference; fileEncoding = 30; lastKnownFileType = sourcecode.c.h; path = slCObject.h; sourceTree = "<group>"; };
		B01DEE9509F0EDBD00EE27D3 /* slConstants.h */ = {isa = PBXFileReference; fileEncoding = 30; lastKnownFileType = sourcecode.c.h; path = slConstants.h; sourceTree = "<group>"; };
		B01DEE9609F0EDBD00EE27D3 /* slCRunLoop.cpp */ = {isa = PBXFileReference; fileEncoding = 30; lastKnownFileType = sourcecode.cpp.cpp; path = slCRunLoop.cpp; sourceTree = "<group>"; };
		B01DEE9709F0EDBD00EE27D3 /* slCRunLoop.h */ = {isa = PBXFileReference; fileEncoding = 30; lastKnownFileType = sourcecode.c.h; path = slCRunLoop.h; sourceTree = "<group>"; };
		B01DEE9809F0EDBD00EE27D3 /* slCScreen.cpp */ = {isa = PBXFileReference; fileEncoding = 30; lastKnownFileType = sourcecode.cpp.cpp; path = slCScreen.cpp; sourceTree = "<group>"; };
		B01DEE9909F0EDBD00EE27D3 /* slCScreen.h */ = {isa = PBXFileReference; fileEncoding = 30; lastKnownFileType = sourcecode.c.h; path = slCScreen.h; sourceTree = "<group>"; };
		B01DEE9A09F0EDBD00EE27D3 /* slCText.cpp */ = {isa = PBXFileReference; fileEncoding = 30; lastKnownFileType = sourcecode.cpp.cpp; path = slCText.cpp; sourceTree = "<group>"; };
		B01DEE9B09F0EDBD00EE27D3 /* slCText.h */ = {isa = PBXFileReference; fileEncoding = 30; lastKnownFileType = sourcecode.c.h; path = slCText.h; sourceTree = "<group>"; };
		B01DEE9C09F0EDBD00EE27D3 /* slCTheme.cpp */ = {isa = PBXFileReference; fileEncoding = 30; lastKnownFileType = sourcecode.cpp.cpp; path = slCTheme.cpp; sourceTree = "<group>"; };
		B01DEE9D09F0EDBD00EE27D3 /* slCTheme.h */ = {isa = PBXFileReference; fileEncoding = 30; lastKnownFileType = sourcecode.c.h; path = slCTheme.h; sourceTree = "<group>"; };
		B01DEE9E09F0EDBD00EE27D3 /* slCThread.cpp */ = {isa = PBXFileReference; fileEncoding = 30; lastKnownFileType = sourcecode.cpp.cpp; path = slCThread.cpp; sourceTree = "<group>"; };
		B01DEE9F09F0EDBD00EE27D3 /* slCThread.h */ = {isa = PBXFileReference; fileEncoding = 30; lastKnownFileType = sourcecode.c.h; path = slCThread.h; sourceTree = "<group>"; };
		B01DEEA009F0EDBD00EE27D3 /* slCTitleBar.cpp */ = {isa = PBXFileReference; fileEncoding = 30; lastKnownFileType = sourcecode.cpp.cpp; path = slCTitleBar.cpp; sourceTree = "<group>"; };
		B01DEEA109F0EDBD00EE27D3 /* slCTitleBar.h */ = {isa = PBXFileReference; fileEncoding = 30; lastKnownFileType = sourcecode.c.h; path = slCTitleBar.h; sourceTree = "<group>"; };
		B01DEEA209F0EDBD00EE27D3 /* slCWindow.cpp */ = {isa = PBXFileReference; fileEncoding = 30; lastKnownFileType = sourcecode.cpp.cpp; path = slCWindow.cpp; sourceTree = "<group>"; };
		B01DEEA309F0EDBD00EE27D3 /* slCWindow.h */ = {isa = PBXFileReference; fileEncoding = 30; lastKnownFileType = sourcecode.c.h; path = slCWindow.h; sourceTree = "<group>"; };
		B01DEEA509F0EDBD00EE27D3 /* slAssert.cpp */ = {isa = PBXFileReference; fileEncoding = 30; lastKnownFileType = sourcecode.cpp.cpp; path = slAssert.cpp; sourceTree = "<group>"; };
		B01DEEA609F0EDBE00EE27D3 /* slAssert.h */ = {isa = PBXFileReference; fileEncoding = 30; lastKnownFileType = sourcecode.c.h; path = slAssert.h; sourceTree = "<group>"; };
		B01DEEA709F0EDBE00EE27D3 /* slCLogEntry.cpp */ = {isa = PBXFileReference; fileEncoding = 30; lastKnownFileType = sourcecode.cpp.cpp; path = slCLogEntry.cpp; sourceTree = "<group>"; };
		B01DEEA809F0EDBE00EE27D3 /* slCLogEntry.h */ = {isa = PBXFileReference; fileEncoding = 30; lastKnownFileType = sourcecode.c.h; path = slCLogEntry.h; sourceTree = "<group>"; };
		B01DEEA909F0EDBE00EE27D3 /* slDebug.h */ = {isa = PBXFileReference; fileEncoding = 30; lastKnownFileType = sourcecode.c.h; path = slDebug.h; sourceTree = "<group>"; };
		B01DEEAC09F0EDBE00EE27D3 /* slTCFreeFunction.h */ = {isa = PBXFileReference; fileEncoding = 30; lastKnownFileType = sourcecode.c.h; path = slTCFreeFunction.h; sourceTree = "<group>"; };
		B01DEEAD09F0EDBE00EE27D3 /* slTIFunction.h */ = {isa = PBXFileReference; fileEncoding = 30; lastKnownFileType = sourcecode.c.h; path = slTIFunction.h; sourceTree = "<group>"; };
		B01DEEAE09F0EDBE00EE27D3 /* slTSBind.h */ = {isa = PBXFileReference; fileEncoding = 30; lastKnownFileType = sourcecode.c.h; path = slTSBind.h; sourceTree = "<group>"; };
		B01DEEAF09F0EDBE00EE27D3 /* slTSFreeFunctionPointerTraits.h */ = {isa = PBXFileReference; fileEncoding = 30; lastKnownFileType = sourcecode.c.h; path = slTSFreeFunctionPointerTraits.h; sourceTree = "<group>"; };
		B01DEEB009F0EDBE00EE27D3 /* slTSFreeFunctionTraits.h */ = {isa = PBXFileReference; fileEncoding = 30; lastKnownFileType = sourcecode.c.h; path = slTSFreeFunctionTraits.h; sourceTree = "<group>"; };
		B01DEEB109F0EDBE00EE27D3 /* slTSFreeFunctionCallWithTuple.h */ = {isa = PBXFileReference; fileEncoding = 30; lastKnownFileType = sourcecode.c.h; path = slTSFreeFunctionCallWithTuple.h; sourceTree = "<group>"; };
		B01DEEB209F0EDBE00EE27D3 /* slTSMemberFunctionTraits.h */ = {isa = PBXFileReference; fileEncoding = 30; lastKnownFileType = sourcecode.c.h; path = slTSMemberFunctionTraits.h; sourceTree = "<group>"; };
		B01DEEB309F0EDBE00EE27D3 /* slTCBind.h */ = {isa = PBXFileReference; fileEncoding = 30; lastKnownFileType = sourcecode.c.h; path = slTCBind.h; sourceTree = "<group>"; };
		B01DEEB409F0EDBE00EE27D3 /* slTCFunction.h */ = {isa = PBXFileReference; fileEncoding = 30; lastKnownFileType = sourcecode.c.h; path = slTCFunction.h; sourceTree = "<group>"; };
		B01DEEB509F0EDBE00EE27D3 /* slTSFunctionTraits.h */ = {isa = PBXFileReference; fileEncoding = 30; lastKnownFileType = sourcecode.c.h; path = slTSFunctionTraits.h; sourceTree = "<group>"; };
		B01DEEB609F0EDBE00EE27D3 /* slGraphicControllerRegistration.h */ = {isa = PBXFileReference; fileEncoding = 30; lastKnownFileType = sourcecode.c.h; path = slGraphicControllerRegistration.h; sourceTree = "<group>"; };
		B01DEEB709F0EDBE00EE27D3 /* main.cpp */ = {isa = PBXFileReference; fileEncoding = 30; lastKnownFileType = sourcecode.cpp.cpp; path = main.cpp; sourceTree = "<group>"; };
		B01DEEB909F0EDBE00EE27D3 /* slCAutoreleasePool.cpp */ = {isa = PBXFileReference; fileEncoding = 30; lastKnownFileType = sourcecode.cpp.cpp; path = slCAutoreleasePool.cpp; sourceTree = "<group>"; };
		B01DEEBA09F0EDBE00EE27D3 /* slCAutoreleasePool.h */ = {isa = PBXFileReference; fileEncoding = 30; lastKnownFileType = sourcecode.c.h; path = slCAutoreleasePool.h; sourceTree = "<group>"; };
		B01DEEBB09F0EDBE00EE27D3 /* slTCPointer.cpp */ = {isa = PBXFileReference; fileEncoding = 30; lastKnownFileType = sourcecode.cpp.cpp; path = slTCPointer.cpp; sourceTree = "<group>"; };
		B01DEEBC09F0EDBE00EE27D3 /* slTCPointer.h */ = {isa = PBXFileReference; fileEncoding = 30; lastKnownFileType = sourcecode.c.h; path = slTCPointer.h; sourceTree = "<group>"; };
		B01DEEBD09F0EDBE00EE27D3 /* slStdExtensions.h */ = {isa = PBXFileReference; fileEncoding = 30; lastKnownFileType = sourcecode.c.h; path = slStdExtensions.h; sourceTree = "<group>"; };
		B01DEEBE09F0EDBE00EE27D3 /* slTCGraphicControllerClass.h */ = {isa = PBXFileReference; fileEncoding = 30; lastKnownFileType = sourcecode.c.h; path = slTCGraphicControllerClass.h; sourceTree = "<group>"; };
		B01DEEC109F0EDBE00EE27D3 /* slTSTuple.h */ = {isa = PBXFileReference; fileEncoding = 30; lastKnownFileType = sourcecode.c.h; path = slTSTuple.h; sourceTree = "<group>"; };
		B01DEEC209F0EDBE00EE27D3 /* slTCTuple.h */ = {isa = PBXFileReference; fileEncoding = 30; lastKnownFileType = sourcecode.c.h; path = slTCTuple.h; sourceTree = "<group>"; };
		B01DEEC309F0EDBE00EE27D3 /* slTCUnitTuple.h */ = {isa = PBXFileReference; fileEncoding = 30; lastKnownFileType = sourcecode.c.h; path = slTCUnitTuple.h; sourceTree = "<group>"; };
		B01DEEC609F0EDBE00EE27D3 /* slTSTypeListAppendTraits.h */ = {isa = PBXFileReference; fileEncoding = 30; lastKnownFileType = sourcecode.c.h; path = slTSTypeListAppendTraits.h; sourceTree = "<group>"; };
		B01DEEC709F0EDBE00EE27D3 /* slTSTypeListBase.h */ = {isa = PBXFileReference; fileEncoding = 30; lastKnownFileType = sourcecode.c.h; path = slTSTypeListBase.h; sourceTree = "<group>"; };
		B01DEEC809F0EDBE00EE27D3 /* slTSTypeListSorting.h */ = {isa = PBXFileReference; fileEncoding = 30; lastKnownFileType = sourcecode.c.h; path = slTSTypeListSorting.h; sourceTree = "<group>"; };
		B01DEEC909F0EDBE00EE27D3 /* slTSTypeList.h */ = {isa = PBXFileReference; fileEncoding = 30; lastKnownFileType = sourcecode.c.h; path = slTSTypeList.h; sourceTree = "<group>"; };
		B01DEECA09F0EDBE00EE27D3 /* slTypes.cpp */ = {isa = PBXFileReference; fileEncoding = 30; lastKnownFileType = sourcecode.cpp.cpp; path = slTypes.cpp; sourceTree = "<group>"; };
		B01DEECB09F0EDBE00EE27D3 /* slTypes.h */ = {isa = PBXFileReference; fileEncoding = 30; lastKnownFileType = sourcecode.c.h; path = slTypes.h; sourceTree = "<group>"; };
		B01DEECD09F0EDBE00EE27D3 /* slTSConstToType.h */ = {isa = PBXFileReference; fileEncoding = 30; lastKnownFileType = sourcecode.c.h; path = slTSConstToType.h; sourceTree = "<group>"; };
		B01DEECE09F0EDBE00EE27D3 /* slTSSelect.h */ = {isa = PBXFileReference; fileEncoding = 30; lastKnownFileType = sourcecode.c.h; path = slTSSelect.h; sourceTree = "<group>"; };
		B01DEF2109F0EDEC00EE27D3 /* slGlut.h */ = {isa = PBXFileReference; fileEncoding = 30; lastKnownFileType = sourcecode.c.h; name = slGlut.h; path = ../../libs/glut/slGlut.h; sourceTree = SOURCE_ROOT; };
		B01DF12A09F1045C00EE27D3 /* slPrefix.h */ = {isa = PBXFileReference; fileEncoding = 4; lastKnownFileType = sourcecode.c.h; path = slPrefix.h; sourceTree = "<group>"; };
		B01DF32409F11D0900EE27D3 /* Info.plist */ = {isa = PBXFileReference; fileEncoding = 30; lastKnownFileType = text.xml; name = Info.plist; path = ../../res/macosx/Info.plist; sourceTree = SOURCE_ROOT; };
		B01DF32709F11D6D00EE27D3 /* English */ = {isa = PBXFileReference; fileEncoding = 30; lastKnownFileType = text.plist.strings; name = English; path = ../../res/macosx/English.lproj/InfoPlist.strings; sourceTree = SOURCE_ROOT; };
		B0BFC06209A7691E009FA6DF /* LE.framework */ = {isa = PBXFileReference; explicitFileType = wrapper.framework; includeInIndex = 0; path = LE.framework; sourceTree = BUILT_PRODUCTS_DIR; };
		B0D7A9F50A0E1B6E00BC2491 /* slTSMemberFunctionCallWithTuple.h */ = {isa = PBXFileReference; fileEncoding = 4; lastKnownFileType = sourcecode.c.h; path = slTSMemberFunctionCallWithTuple.h; sourceTree = "<group>"; };
		B0D7A9F70A0E24E800BC2491 /* slToPointer.h */ = {isa = PBXFileReference; fileEncoding = 4; lastKnownFileType = sourcecode.c.h; path = slToPointer.h; sourceTree = "<group>"; };
		B0D7AA0A0A0E343100BC2491 /* slTSConstRef.h */ = {isa = PBXFileReference; fileEncoding = 4; lastKnownFileType = sourcecode.c.h; path = slTSConstRef.h; sourceTree = "<group>"; };
		B0F19FCD0A0E3E7D0066F382 /* slTSFunctionOwner.h */ = {isa = PBXFileReference; fileEncoding = 4; lastKnownFileType = sourcecode.c.h; path = slTSFunctionOwner.h; sourceTree = "<group>"; };
/* End PBXFileReference section */

/* Begin PBXFrameworksBuildPhase section */
		8DD76F660486A84900D96B5E /* Frameworks */ = {
			isa = PBXFrameworksBuildPhase;
			buildActionMask = 2147483647;
			files = (
				B004630E08E56B7F00236593 /* GLUT.framework in Frameworks */,
				B01DF42909F123B000EE27D3 /* OpenGL.framework in Frameworks */,
			);
			runOnlyForDeploymentPostprocessing = 0;
		};
		B0BFC06009A7691E009FA6DF /* Frameworks */ = {
			isa = PBXFrameworksBuildPhase;
			buildActionMask = 2147483647;
			files = (
				B0BFC0A509A76986009FA6DF /* GLUT.framework in Frameworks */,
				B0BFC0A609A76986009FA6DF /* OpenGL.framework in Frameworks */,
			);
			runOnlyForDeploymentPostprocessing = 0;
		};
/* End PBXFrameworksBuildPhase section */

/* Begin PBXGroup section */
		08FB7794FE84155DC02AAC07 /* le */ = {
			isa = PBXGroup;
			children = (
				B01DEE7209F0EDBD00EE27D3 /* src */,
				B01DEE7109F0ED6D00EE27D3 /* libs */,
				B01DF32309F11CE800EE27D3 /* res */,
				C6859E8C029090F304C91782 /* doc */,
				1AB674ADFE9D54B511CA2CBB /* Products */,
				B004630C08E56B7F00236593 /* GLUT.framework */,
				B004630D08E56B7F00236593 /* OpenGL.framework */,
			);
			name = le;
			sourceTree = "<group>";
		};
		1AB674ADFE9D54B511CA2CBB /* Products */ = {
			isa = PBXGroup;
			children = (
				8DD76F6C0486A84900D96B5E /* le */,
				B0BFC06209A7691E009FA6DF /* LE.framework */,
			);
			name = Products;
			sourceTree = "<group>";
		};
		B01DEE7109F0ED6D00EE27D3 /* libs */ = {
			isa = PBXGroup;
			children = (
				B01DEF2009F0EDD800EE27D3 /* glut */,
			);
			indentWidth = 4;
			name = libs;
			path = ../../libs;
			sourceTree = SOURCE_ROOT;
			tabWidth = 4;
		};
		B01DEE7209F0EDBD00EE27D3 /* src */ = {
			isa = PBXGroup;
			children = (
				B0D7A9D40A0E170E00BC2491 /* thread */,
				B0D7A9CD0A0E16DC00BC2491 /* file */,
				B01DEE8909F0EDBD00EE27D3 /* class */,
				B01DEE9409F0EDBD00EE27D3 /* config */,
				B01DEEA409F0EDBD00EE27D3 /* debug */,
				B01DEEAA09F0EDBE00EE27D3 /* function */,
				B01DEEB809F0EDBE00EE27D3 /* pointer */,
				B01DEEBF09F0EDBE00EE27D3 /* tuple */,
				B01DEEC409F0EDBE00EE27D3 /* typelist */,
				B01DEECC09F0EDBE00EE27D3 /* util */,
				B01DEE7309F0EDBD00EE27D3 /* slBasicGraphicControllers.cpp */,
				B01DEE7409F0EDBD00EE27D3 /* slBasicGraphicControllers.h */,
				B01DEE7509F0EDBD00EE27D3 /* slCApplication.cpp */,
				B01DEE7609F0EDBD00EE27D3 /* slCApplication.h */,
				B01DEE7709F0EDBD00EE27D3 /* slCButton.cpp */,
				B01DEE7809F0EDBD00EE27D3 /* slCButton.h */,
				B01DEE7909F0EDBD00EE27D3 /* slCButtonDelegate.cpp */,
				B01DEE7A09F0EDBD00EE27D3 /* slCButtonDelegate.h */,
				B01DEE7B09F0EDBD00EE27D3 /* slCControl.cpp */,
				B01DEE7C09F0EDBD00EE27D3 /* slCControl.h */,
				B01DEE7D09F0EDBD00EE27D3 /* slCControlDelegate.cpp */,
				B01DEE7E09F0EDBD00EE27D3 /* slCControlDelegate.h */,
				B01DEE7F09F0EDBD00EE27D3 /* slCDialog.cpp */,
				B01DEE8009F0EDBD00EE27D3 /* slCDialog.h */,
				B01DEE8109F0EDBD00EE27D3 /* slCDragger.cpp */,
				B01DEE8209F0EDBD00EE27D3 /* slCDragger.h */,
				B01DEE8309F0EDBD00EE27D3 /* slCFace.cpp */,
				B01DEE8409F0EDBD00EE27D3 /* slCFace.h */,
				B01DEE9009F0EDBD00EE27D3 /* slCNotificationCenter.cpp */,
				B01DEE9109F0EDBD00EE27D3 /* slCNotificationCenter.h */,
				B01DEE9209F0EDBD00EE27D3 /* slCObject.cpp */,
				B01DEE9309F0EDBD00EE27D3 /* slCObject.h */,
				B01DEE9509F0EDBD00EE27D3 /* slConstants.h */,
				B01DEE9609F0EDBD00EE27D3 /* slCRunLoop.cpp */,
				B01DEE9709F0EDBD00EE27D3 /* slCRunLoop.h */,
				B01DEE9809F0EDBD00EE27D3 /* slCScreen.cpp */,
				B01DEE9909F0EDBD00EE27D3 /* slCScreen.h */,
				B01DEE9A09F0EDBD00EE27D3 /* slCText.cpp */,
				B01DEE9B09F0EDBD00EE27D3 /* slCText.h */,
				B01DEE9C09F0EDBD00EE27D3 /* slCTheme.cpp */,
				B01DEE9D09F0EDBD00EE27D3 /* slCTheme.h */,
				B01DEEA009F0EDBD00EE27D3 /* slCTitleBar.cpp */,
				B01DEEA109F0EDBD00EE27D3 /* slCTitleBar.h */,
				B01DEEA209F0EDBD00EE27D3 /* slCWindow.cpp */,
				B01DEEA309F0EDBD00EE27D3 /* slCWindow.h */,
				B01DEEB609F0EDBE00EE27D3 /* slGraphicControllerRegistration.h */,
				B01DEEB709F0EDBE00EE27D3 /* main.cpp */,
				B01DEEBD09F0EDBE00EE27D3 /* slStdExtensions.h */,
				B01DEEBE09F0EDBE00EE27D3 /* slTCGraphicControllerClass.h */,
				B01DEECA09F0EDBE00EE27D3 /* slTypes.cpp */,
				B01DEECB09F0EDBE00EE27D3 /* slTypes.h */,
			);
			indentWidth = 4;
			name = src;
			path = ../../src;
			sourceTree = SOURCE_ROOT;
			tabWidth = 4;
		};
		B01DEE8909F0EDBD00EE27D3 /* class */ = {
			isa = PBXGroup;
			children = (
				B01DEE8A09F0EDBD00EE27D3 /* slCClassFactory.cpp */,
				B01DEE8B09F0EDBD00EE27D3 /* slCClassFactory.h */,
				B01DEE8C09F0EDBD00EE27D3 /* slTCClass.cpp */,
				B01DEE8D09F0EDBD00EE27D3 /* slTCClass.h */,
			);
			path = class;
			sourceTree = "<group>";
		};
		B01DEE9409F0EDBD00EE27D3 /* config */ = {
			isa = PBXGroup;
			children = (
				B01DF12A09F1045C00EE27D3 /* slPrefix.h */,
			);
			path = config;
			sourceTree = "<group>";
		};
		B01DEEA409F0EDBD00EE27D3 /* debug */ = {
			isa = PBXGroup;
			children = (
				B01DEEA509F0EDBD00EE27D3 /* slAssert.cpp */,
				B01DEEA609F0EDBE00EE27D3 /* slAssert.h */,
				B01DEEA709F0EDBE00EE27D3 /* slCLogEntry.cpp */,
				B01DEEA809F0EDBE00EE27D3 /* slCLogEntry.h */,
				B01DEEA909F0EDBE00EE27D3 /* slDebug.h */,
			);
			path = debug;
			sourceTree = "<group>";
		};
		B01DEEAA09F0EDBE00EE27D3 /* function */ = {
			isa = PBXGroup;
			children = (
				B01DEEAB09F0EDBE00EE27D3 /* base */,
				B01DEEB309F0EDBE00EE27D3 /* slTCBind.h */,
				B01DEEB409F0EDBE00EE27D3 /* slTCFunction.h */,
				B01DEEB509F0EDBE00EE27D3 /* slTSFunctionTraits.h */,
			);
			path = function;
			sourceTree = "<group>";
		};
		B01DEEAB09F0EDBE00EE27D3 /* base */ = {
			isa = PBXGroup;
			children = (
				B01DEEAC09F0EDBE00EE27D3 /* slTCFreeFunction.h */,
				B01DEEAD09F0EDBE00EE27D3 /* slTIFunction.h */,
				B01DEEAE09F0EDBE00EE27D3 /* slTSBind.h */,
				B01DEEAF09F0EDBE00EE27D3 /* slTSFreeFunctionPointerTraits.h */,
				B01DEEB009F0EDBE00EE27D3 /* slTSFreeFunctionTraits.h */,
				B01DEEB109F0EDBE00EE27D3 /* slTSFreeFunctionCallWithTuple.h */,
				B01DEEB209F0EDBE00EE27D3 /* slTSMemberFunctionTraits.h */,
				B0D7A9F50A0E1B6E00BC2491 /* slTSMemberFunctionCallWithTuple.h */,
				B0F19FCD0A0E3E7D0066F382 /* slTSFunctionOwner.h */,
			);
			path = base;
			sourceTree = "<group>";
		};
		B01DEEB809F0EDBE00EE27D3 /* pointer */ = {
			isa = PBXGroup;
			children = (
				B01DEEB909F0EDBE00EE27D3 /* slCAutoreleasePool.cpp */,
				B01DEEBA09F0EDBE00EE27D3 /* slCAutoreleasePool.h */,
				B01DEEBB09F0EDBE00EE27D3 /* slTCPointer.cpp */,
				B01DEEBC09F0EDBE00EE27D3 /* slTCPointer.h */,
			);
			path = pointer;
			sourceTree = "<group>";
		};
		B01DEEBF09F0EDBE00EE27D3 /* tuple */ = {
			isa = PBXGroup;
			children = (
				B01DEEC009F0EDBE00EE27D3 /* base */,
				B01DEEC209F0EDBE00EE27D3 /* slTCTuple.h */,
				B01DEEC309F0EDBE00EE27D3 /* slTCUnitTuple.h */,
			);
			path = tuple;
			sourceTree = "<group>";
		};
		B01DEEC009F0EDBE00EE27D3 /* base */ = {
			isa = PBXGroup;
			children = (
				B01DEEC109F0EDBE00EE27D3 /* slTSTuple.h */,
			);
			path = base;
			sourceTree = "<group>";
		};
		B01DEEC409F0EDBE00EE27D3 /* typelist */ = {
			isa = PBXGroup;
			children = (
				B01DEEC509F0EDBE00EE27D3 /* base */,
				B01DEEC909F0EDBE00EE27D3 /* slTSTypeList.h */,
			);
			path = typelist;
			sourceTree = "<group>";
		};
		B01DEEC509F0EDBE00EE27D3 /* base */ = {
			isa = PBXGroup;
			children = (
				B01DEEC609F0EDBE00EE27D3 /* slTSTypeListAppendTraits.h */,
				B01DEEC709F0EDBE00EE27D3 /* slTSTypeListBase.h */,
				B01DEEC809F0EDBE00EE27D3 /* slTSTypeListSorting.h */,
			);
			path = base;
			sourceTree = "<group>";
		};
		B01DEECC09F0EDBE00EE27D3 /* util */ = {
			isa = PBXGroup;
			children = (
				B01DEECD09F0EDBE00EE27D3 /* slTSConstToType.h */,
				B01DEECE09F0EDBE00EE27D3 /* slTSSelect.h */,
				B0D7A9F70A0E24E800BC2491 /* slToPointer.h */,
				B0D7AA0A0A0E343100BC2491 /* slTSConstRef.h */,
			);
			path = util;
			sourceTree = "<group>";
		};
		B01DEF2009F0EDD800EE27D3 /* glut */ = {
			isa = PBXGroup;
			children = (
				B01DEF2109F0EDEC00EE27D3 /* slGlut.h */,
			);
			path = glut;
			sourceTree = "<group>";
		};
		B01DF32309F11CE800EE27D3 /* res */ = {
			isa = PBXGroup;
			children = (
				B01DF32609F11D6D00EE27D3 /* InfoPlist.strings */,
				B01DF32409F11D0900EE27D3 /* Info.plist */,
			);
			name = res;
			path = ../../res/macosx;
			sourceTree = SOURCE_ROOT;
		};
		B0D7A9CD0A0E16DC00BC2491 /* file */ = {
			isa = PBXGroup;
			children = (
				B01DEE8509F0EDBD00EE27D3 /* slCFile.cpp */,
				B01DEE8609F0EDBD00EE27D3 /* slCFile.h */,
				B01DEE8709F0EDBD00EE27D3 /* slCFolder.cpp */,
				B01DEE8809F0EDBD00EE27D3 /* slCFolder.h */,
			);
			path = file;
			sourceTree = "<group>";
		};
		B0D7A9D40A0E170E00BC2491 /* thread */ = {
			isa = PBXGroup;
			children = (
				B01DEE8E09F0EDBD00EE27D3 /* slCMutex.cpp */,
				B01DEE8F09F0EDBD00EE27D3 /* slCMutex.h */,
				B01DEE9E09F0EDBD00EE27D3 /* slCThread.cpp */,
				B01DEE9F09F0EDBD00EE27D3 /* slCThread.h */,
			);
			path = thread;
			sourceTree = "<group>";
		};
		C6859E8C029090F304C91782 /* doc */ = {
			isa = PBXGroup;
			children = (
			);
			name = doc;
			path = ../../doc;
			sourceTree = SOURCE_ROOT;
		};
/* End PBXGroup section */

/* Begin PBXHeadersBuildPhase section */
		B0BFC05D09A7691E009FA6DF /* Headers */ = {
			isa = PBXHeadersBuildPhase;
			buildActionMask = 2147483647;
			files = (
				B01DF3CC09F1222000EE27D3 /* slBasicGraphicControllers.h in Headers */,
				B01DF3CE09F1222200EE27D3 /* slCApplication.h in Headers */,
				B01DF3D009F1222300EE27D3 /* slCButton.h in Headers */,
				B01DF3D209F1222500EE27D3 /* slCButtonDelegate.h in Headers */,
				B01DF3D409F1222600EE27D3 /* slCControl.h in Headers */,
				B01DF3D609F1222800EE27D3 /* slCControlDelegate.h in Headers */,
				B01DF3D809F1222A00EE27D3 /* slCDialog.h in Headers */,
				B01DF3DA09F1222B00EE27D3 /* slCDragger.h in Headers */,
				B01DF3DC09F1222D00EE27D3 /* slCFace.h in Headers */,
				B01DF3DE09F1222E00EE27D3 /* slCFile.h in Headers */,
				B01DF3E009F1223000EE27D3 /* slCFolder.h in Headers */,
				B01DF3E209F1223200EE27D3 /* slCMutex.h in Headers */,
				B01DF3E409F1223400EE27D3 /* slCNotificationCenter.h in Headers */,
				B01DF3E609F1223600EE27D3 /* slCObject.h in Headers */,
				B01DF3E709F1223700EE27D3 /* slConstants.h in Headers */,
				B01DF3E909F1223B00EE27D3 /* slCScreen.h in Headers */,
				B01DF3EB09F1223D00EE27D3 /* slCText.h in Headers */,
				B01DF3ED09F1223D00EE27D3 /* slCTheme.h in Headers */,
				B01DF3EF09F1223F00EE27D3 /* slCThread.h in Headers */,
				B01DF3F109F1224000EE27D3 /* slCTitleBar.h in Headers */,
				B01DF3F309F1224200EE27D3 /* slCWindow.h in Headers */,
				B01DF3F409F1226200EE27D3 /* slGraphicControllerRegistration.h in Headers */,
				B01DF3F509F1226400EE27D3 /* slStdExtensions.h in Headers */,
				B01DF3F609F1226500EE27D3 /* slTCGraphicControllerClass.h in Headers */,
				B01DF3F809F1226700EE27D3 /* slTypes.h in Headers */,
				B01DF3FA09F1226E00EE27D3 /* slCClassFactory.h in Headers */,
				B01DF3FC09F1227000EE27D3 /* slTCClass.h in Headers */,
				B01DF3FF09F1228200EE27D3 /* slAssert.h in Headers */,
				B01DF40109F1228500EE27D3 /* slCLogEntry.h in Headers */,
				B01DF40209F1228500EE27D3 /* slDebug.h in Headers */,
				B01DF40309F1228900EE27D3 /* slTCBind.h in Headers */,
				B01DF40409F1228A00EE27D3 /* slTCFunction.h in Headers */,
				B01DF40509F1228C00EE27D3 /* slTSFunctionTraits.h in Headers */,
				B01DF40709F1228E00EE27D3 /* slCAutoreleasePool.h in Headers */,
				B01DF40909F1229000EE27D3 /* slTCPointer.h in Headers */,
				B01DF40A09F1229500EE27D3 /* slTCTuple.h in Headers */,
				B01DF40B09F1229600EE27D3 /* slTCUnitTuple.h in Headers */,
				B01DF40C09F1229900EE27D3 /* slTSTypeList.h in Headers */,
				B01DF40D09F1229C00EE27D3 /* slTSConstToType.h in Headers */,
				B01DF40E09F1229D00EE27D3 /* slTSSelect.h in Headers */,
				B01DF41909F1231700EE27D3 /* slTCFreeFunction.h in Headers */,
				B01DF41A09F1231700EE27D3 /* slTIFunction.h in Headers */,
				B01DF41B09F1231900EE27D3 /* slTSBind.h in Headers */,
				B01DF41D09F1231A00EE27D3 /* slTSFreeFunctionPointerTraits.h in Headers */,
				B01DF41E09F1231B00EE27D3 /* slTSFreeFunctionTraits.h in Headers */,
				B01DF41F09F1231B00EE27D3 /* slTSFreeFunctionCallWithTuple.h in Headers */,
				B01DF42009F1231E00EE27D3 /* slTSMemberFunctionTraits.h in Headers */,
				B01DF42109F1233200EE27D3 /* slTSTuple.h in Headers */,
				B01DF42209F1234300EE27D3 /* slTSTypeListAppendTraits.h in Headers */,
				B01DF42309F1234300EE27D3 /* slTSTypeListBase.h in Headers */,
				B01DF42409F1234500EE27D3 /* slTSTypeListSorting.h in Headers */,
			);
			runOnlyForDeploymentPostprocessing = 0;
		};
/* End PBXHeadersBuildPhase section */

/* Begin PBXNativeTarget section */
		8DD76F620486A84900D96B5E /* le */ = {
			isa = PBXNativeTarget;
			buildConfigurationList = 1DEB923108733DC60010E9CD /* Build configuration list for PBXNativeTarget "le" */;
			buildPhases = (
				8DD76F640486A84900D96B5E /* Sources */,
				8DD76F660486A84900D96B5E /* Frameworks */,
			);
			buildRules = (
			);
			buildSettings = {
			};
			dependencies = (
			);
			name = le;
			productInstallPath = "$(HOME)/bin";
			productName = le;
			productReference = 8DD76F6C0486A84900D96B5E /* le */;
			productType = "com.apple.product-type.tool";
		};
		B0BFC06109A7691E009FA6DF /* LE */ = {
			isa = PBXNativeTarget;
			buildConfigurationList = B0BFC06709A76921009FA6DF /* Build configuration list for PBXNativeTarget "LE" */;
			buildPhases = (
				B0BFC05D09A7691E009FA6DF /* Headers */,
				B0BFC05E09A7691E009FA6DF /* Resources */,
				B0BFC05F09A7691E009FA6DF /* Sources */,
				B0BFC06009A7691E009FA6DF /* Frameworks */,
				B0BFC20609A778B2009FA6DF /* Copy to System frameworks */,
			);
			buildRules = (
			);
			buildSettings = {
				DYLIB_COMPATIBILITY_VERSION = 1;
				DYLIB_CURRENT_VERSION = 1;
				FRAMEWORK_VERSION = A;
				GCC_ENABLE_FIX_AND_CONTINUE = YES;
				GCC_MODEL_TUNING = G5;
				GCC_PRECOMPILE_PREFIX_HEADER = YES;
				GCC_PREFIX_HEADER = "$(SYSTEM_LIBRARY_DIR)/Frameworks/Carbon.framework/Headers/Carbon.h";
				INFOPLIST_FILE = "LE-Info.plist";
				INSTALL_PATH = "$(HOME)/Library/Frameworks";
				OTHER_LDFLAGS = (
					"-framework",
					Carbon,
				);
				PREBINDING = NO;
				PRODUCT_NAME = LE;
				ZERO_LINK = YES;
			};
			dependencies = (
			);
			name = LE;
			productName = LE;
			productReference = B0BFC06209A7691E009FA6DF /* LE.framework */;
			productSettingsXML = "<?xml version=\"1.0\" encoding=\"UTF-8\"?>
<!DOCTYPE plist PUBLIC \"-//Apple Computer//DTD PLIST 1.0//EN\" \"http://www.apple.com/DTDs/PropertyList-1.0.dtd\">
<plist version=\"1.0\">
<dict>
	<key>CFBundleDevelopmentRegion</key>
	<string>English</string>
	<key>CFBundleExecutable</key>
	<string>${EXECUTABLE_NAME}</string>
	<key>CFBundleIdentifier</key>
	<string>com.yourcompany.LE</string>
	<key>CFBundleInfoDictionaryVersion</key>
	<string>6.0</string>
	<key>CFBundlePackageType</key>
	<string>FMWK</string>
	<key>CFBundleSignature</key>
	<string>????</string>
	<key>CFBundleVersion</key>
	<string>1.0</string>
</dict>
</plist>
";
			productType = "com.apple.product-type.framework";
		};
/* End PBXNativeTarget section */

/* Begin PBXProject section */
		08FB7793FE84155DC02AAC07 /* Project object */ = {
			isa = PBXProject;
			buildConfigurationList = 1DEB923508733DC60010E9CD /* Build configuration list for PBXProject "le" */;
			buildSettings = {
			};
			buildStyles = (
				014CEA460018CE2711CA2923 /* Debug */,
				014CEA470018CE2711CA2923 /* Release */,
			);
			hasScannedForEncodings = 1;
			mainGroup = 08FB7794FE84155DC02AAC07 /* le */;
			projectDirPath = "";
			targets = (
				8DD76F620486A84900D96B5E /* le */,
				B0BFC06109A7691E009FA6DF /* LE */,
			);
		};
/* End PBXProject section */

/* Begin PBXResourcesBuildPhase section */
		B0BFC05E09A7691E009FA6DF /* Resources */ = {
			isa = PBXResourcesBuildPhase;
			buildActionMask = 2147483647;
			files = (
				B01DF32809F11D6D00EE27D3 /* InfoPlist.strings in Resources */,
			);
			runOnlyForDeploymentPostprocessing = 0;
		};
/* End PBXResourcesBuildPhase section */

/* Begin PBXSourcesBuildPhase section */
		8DD76F640486A84900D96B5E /* Sources */ = {
			isa = PBXSourcesBuildPhase;
			buildActionMask = 2147483647;
			files = (
				B01DEECF09F0EDBE00EE27D3 /* slBasicGraphicControllers.cpp in Sources */,
				B01DEED109F0EDBE00EE27D3 /* slCApplication.cpp in Sources */,
				B01DEED309F0EDBE00EE27D3 /* slCButton.cpp in Sources */,
				B01DEED509F0EDBE00EE27D3 /* slCButtonDelegate.cpp in Sources */,
				B01DEED709F0EDBE00EE27D3 /* slCControl.cpp in Sources */,
				B01DEED909F0EDBE00EE27D3 /* slCControlDelegate.cpp in Sources */,
				B01DEEDB09F0EDBE00EE27D3 /* slCDialog.cpp in Sources */,
				B01DEEDD09F0EDBE00EE27D3 /* slCDragger.cpp in Sources */,
				B01DEEDF09F0EDBE00EE27D3 /* slCFace.cpp in Sources */,
				B01DEEE109F0EDBE00EE27D3 /* slCFile.cpp in Sources */,
				B01DEEE309F0EDBE00EE27D3 /* slCFolder.cpp in Sources */,
				B01DEEE509F0EDBE00EE27D3 /* slCClassFactory.cpp in Sources */,
				B01DEEE709F0EDBE00EE27D3 /* slTCClass.cpp in Sources */,
				B01DEEE909F0EDBE00EE27D3 /* slCMutex.cpp in Sources */,
				B01DEEEB09F0EDBE00EE27D3 /* slCNotificationCenter.cpp in Sources */,
				B01DEEED09F0EDBE00EE27D3 /* slCObject.cpp in Sources */,
				B01DEEF209F0EDBE00EE27D3 /* slCScreen.cpp in Sources */,
				B01DEEF409F0EDBE00EE27D3 /* slCText.cpp in Sources */,
				B01DEEF609F0EDBE00EE27D3 /* slCTheme.cpp in Sources */,
				B01DEEF809F0EDBE00EE27D3 /* slCThread.cpp in Sources */,
				B01DEEFA09F0EDBE00EE27D3 /* slCTitleBar.cpp in Sources */,
				B01DEEFC09F0EDBE00EE27D3 /* slCWindow.cpp in Sources */,
				B01DEEFE09F0EDBE00EE27D3 /* slAssert.cpp in Sources */,
				B01DEF0009F0EDBE00EE27D3 /* slCLogEntry.cpp in Sources */,
				B01DEF0E09F0EDBE00EE27D3 /* main.cpp in Sources */,
				B01DEF0F09F0EDBE00EE27D3 /* slCAutoreleasePool.cpp in Sources */,
				B01DEF1109F0EDBE00EE27D3 /* slTCPointer.cpp in Sources */,
				B01DEF1C09F0EDBE00EE27D3 /* slTypes.cpp in Sources */,
			);
			runOnlyForDeploymentPostprocessing = 0;
		};
		B0BFC05F09A7691E009FA6DF /* Sources */ = {
			isa = PBXSourcesBuildPhase;
			buildActionMask = 2147483647;
			files = (
				B01DF3CB09F1221F00EE27D3 /* slBasicGraphicControllers.cpp in Sources */,
				B01DF3CD09F1222100EE27D3 /* slCApplication.cpp in Sources */,
				B01DF3CF09F1222300EE27D3 /* slCButton.cpp in Sources */,
				B01DF3D109F1222400EE27D3 /* slCButtonDelegate.cpp in Sources */,
				B01DF3D309F1222600EE27D3 /* slCControl.cpp in Sources */,
				B01DF3D509F1222700EE27D3 /* slCControlDelegate.cpp in Sources */,
				B01DF3D709F1222900EE27D3 /* slCDialog.cpp in Sources */,
				B01DF3D909F1222A00EE27D3 /* slCDragger.cpp in Sources */,
				B01DF3DB09F1222C00EE27D3 /* slCFace.cpp in Sources */,
				B01DF3DD09F1222E00EE27D3 /* slCFile.cpp in Sources */,
				B01DF3DF09F1222F00EE27D3 /* slCFolder.cpp in Sources */,
				B01DF3E109F1223200EE27D3 /* slCMutex.cpp in Sources */,
				B01DF3E309F1223300EE27D3 /* slCNotificationCenter.cpp in Sources */,
				B01DF3E509F1223500EE27D3 /* slCObject.cpp in Sources */,
				B01DF3E809F1223A00EE27D3 /* slCScreen.cpp in Sources */,
				B01DF3EA09F1223B00EE27D3 /* slCText.cpp in Sources */,
				B01DF3EC09F1223D00EE27D3 /* slCTheme.cpp in Sources */,
				B01DF3EE09F1223F00EE27D3 /* slCThread.cpp in Sources */,
				B01DF3F009F1224000EE27D3 /* slCTitleBar.cpp in Sources */,
				B01DF3F209F1224200EE27D3 /* slCWindow.cpp in Sources */,
				B01DF3F709F1226600EE27D3 /* slTypes.cpp in Sources */,
				B01DF3F909F1226D00EE27D3 /* slCClassFactory.cpp in Sources */,
				B01DF3FB09F1227000EE27D3 /* slTCClass.cpp in Sources */,
				B01DF3FE09F1228200EE27D3 /* slAssert.cpp in Sources */,
				B01DF40009F1228400EE27D3 /* slCLogEntry.cpp in Sources */,
				B01DF40609F1228E00EE27D3 /* slCAutoreleasePool.cpp in Sources */,
				B01DF40809F1229000EE27D3 /* slTCPointer.cpp in Sources */,
			);
			runOnlyForDeploymentPostprocessing = 0;
		};
/* End PBXSourcesBuildPhase section */

/* Begin PBXVariantGroup section */
		B01DF32609F11D6D00EE27D3 /* InfoPlist.strings */ = {
			isa = PBXVariantGroup;
			children = (
				B01DF32709F11D6D00EE27D3 /* English */,
			);
			name = InfoPlist.strings;
			sourceTree = "<group>";
		};
/* End PBXVariantGroup section */

/* Begin XCBuildConfiguration section */
		1DEB923208733DC60010E9CD /* Debug */ = {
			isa = XCBuildConfiguration;
			buildSettings = {
				COPY_PHASE_STRIP = NO;
				GCC_DYNAMIC_NO_PIC = NO;
				GCC_ENABLE_FIX_AND_CONTINUE = YES;
				GCC_MODEL_TUNING = G5;
				GCC_OPTIMIZATION_LEVEL = 0;
				GCC_PREPROCESSOR_DEFINITIONS = DEBUG;
				INSTALL_PATH = "$(HOME)/bin";
				PRODUCT_NAME = le;
				ZERO_LINK = NO;
			};
			name = Debug;
		};
		1DEB923308733DC60010E9CD /* Release */ = {
			isa = XCBuildConfiguration;
			buildSettings = {
				ARCHS = (
					ppc,
					i386,
				);
				GCC_GENERATE_DEBUGGING_SYMBOLS = NO;
				GCC_MODEL_TUNING = G5;
				INSTALL_PATH = "$(HOME)/bin";
				PRODUCT_NAME = le;
			};
			name = Release;
		};
		1DEB923608733DC60010E9CD /* Debug */ = {
			isa = XCBuildConfiguration;
			buildSettings = {
				GCC_WARN_ABOUT_RETURN_TYPE = YES;
				GCC_WARN_CHECK_SWITCH_STATEMENTS = YES;
				GCC_WARN_HIDDEN_VIRTUAL_FUNCTIONS = NO;
				GCC_WARN_SHADOW = NO;
				GCC_WARN_SIGN_COMPARE = YES;
				GCC_WARN_UNUSED_VALUE = YES;
				GCC_WARN_UNUSED_VARIABLE = YES;
				HEADER_SEARCH_PATHS = (
					../../src,
					../../libs,
				);
				LINKER_DISPLAYS_MANGLED_NAMES = NO;
				PREBINDING = NO;
				SDKROOT = /Developer/SDKs/MacOSX10.4u.sdk;
			};
			name = Debug;
		};
		1DEB923708733DC60010E9CD /* Release */ = {
			isa = XCBuildConfiguration;
			buildSettings = {
				GCC_WARN_ABOUT_RETURN_TYPE = YES;
				GCC_WARN_UNUSED_VARIABLE = YES;
				HEADER_SEARCH_PATHS = (
					../../src,
					../../libs,
				);
				PREBINDING = NO;
				SDKROOT = /Developer/SDKs/MacOSX10.4u.sdk;
			};
			name = Release;
		};
		B0BFC06809A76921009FA6DF /* Debug */ = {
			isa = XCBuildConfiguration;
			buildSettings = {
				COPY_PHASE_STRIP = NO;
				DYLIB_COMPATIBILITY_VERSION = 1;
				DYLIB_CURRENT_VERSION = 1;
				FRAMEWORK_VERSION = A;
				GCC_DYNAMIC_NO_PIC = NO;
				GCC_ENABLE_FIX_AND_CONTINUE = YES;
				GCC_GENERATE_DEBUGGING_SYMBOLS = YES;
				GCC_MODEL_TUNING = G5;
				GCC_OPTIMIZATION_LEVEL = 0;
				GCC_PFE_FILE_C_DIALECTS = "c c++";
				GCC_PRECOMPILE_PREFIX_HEADER = YES;
				GCC_PREFIX_HEADER = "";
				INFOPLIST_FILE = ../../res/macosx/Info.plist;
				INSTALL_PATH = "$(HOME)/Library/Frameworks";
				OTHER_LDFLAGS = "";
				PREBINDING = NO;
				PRODUCT_NAME = LE;
				ZERO_LINK = NO;
			};
			name = Debug;
		};
		B0BFC06909A76921009FA6DF /* Release */ = {
			isa = XCBuildConfiguration;
			buildSettings = {
				ARCHS = (
					ppc,
					i386,
				);
				COPY_PHASE_STRIP = YES;
				DYLIB_COMPATIBILITY_VERSION = 1;
				DYLIB_CURRENT_VERSION = 1;
				FRAMEWORK_VERSION = A;
				GCC_ENABLE_FIX_AND_CONTINUE = NO;
				GCC_GENERATE_DEBUGGING_SYMBOLS = NO;
				GCC_MODEL_TUNING = G5;
				GCC_PFE_FILE_C_DIALECTS = "c c++";
				GCC_PRECOMPILE_PREFIX_HEADER = YES;
				GCC_PREFIX_HEADER = "";
				INFOPLIST_FILE = ../../res/macosx/Info.plist;
				INSTALL_PATH = "$(HOME)/Library/Frameworks";
				OTHER_LDFLAGS = "";
				PREBINDING = NO;
				PRODUCT_NAME = LE;
				ZERO_LINK = NO;
			};
			name = Release;
		};
/* End XCBuildConfiguration section */

/* Begin XCConfigurationList section */
		1DEB923108733DC60010E9CD /* Build configuration list for PBXNativeTarget "le" */ = {
			isa = XCConfigurationList;
			buildConfigurations = (
				1DEB923208733DC60010E9CD /* Debug */,
				1DEB923308733DC60010E9CD /* Release */,
			);
			defaultConfigurationIsVisible = 0;
			defaultConfigurationName = Release;
		};
		1DEB923508733DC60010E9CD /* Build configuration list for PBXProject "le" */ = {
			isa = XCConfigurationList;
			buildConfigurations = (
				1DEB923608733DC60010E9CD /* Debug */,
				1DEB923708733DC60010E9CD /* Release */,
			);
			defaultConfigurationIsVisible = 0;
			defaultConfigurationName = Release;
		};
		B0BFC06709A76921009FA6DF /* Build configuration list for PBXNativeTarget "LE" */ = {
			isa = XCConfigurationList;
			buildConfigurations = (
				B0BFC06809A76921009FA6DF /* Debug */,
				B0BFC06909A76921009FA6DF /* Release */,
			);
			defaultConfigurationIsVisible = 0;
			defaultConfigurationName = Release;
		};
/* End XCConfigurationList section */
	};
	rootObject = 08FB7793FE84155DC02AAC07 /* Project object */;
}
